
Microsoft Visual Studio Solution File, Format Version 12.00
# Visual Studio 2013
VisualStudioVersion = 12.0.21005.1
MinimumVisualStudioVersion = 10.0.40219.1
Project("{FAE04EC0-301F-11D3-BF4B-00C04F79EFBC}") = "liveobjects_1", "liveobjects_1\liveobjects_1.csproj", "{F06CF495-6A41-4E21-8BD7-ECCA7F2C2D2A}"
EndProject
Project("{8BC9CEB8-8B4A-11D0-8D11-00A0C91BC942}") = "liveobjects_2", "liveobjects_2\liveobjects_2.vcxproj", "{053BD26D-EB9B-4415-8519-2CE292201FE4}"
EndProject
Project("{8BC9CEB8-8B4A-11D0-8D11-00A0C91BC942}") = "liveobjects_3", "liveobjects_3\liveobjects_3.vcxproj", "{7D8A5838-22A5-46C1-BAEC-4D5EFEEEB6CA}"
EndProject
Project("{FAE04EC0-301F-11D3-BF4B-00C04F79EFBC}") = "liveobjects_4", "liveobjects_4\liveobjects_4.csproj", "{F31A380F-1CE2-4F4A-96E9-5043C131C6EE}"
EndProject
Project("{8BC9CEB8-8B4A-11D0-8D11-00A0C91BC942}") = "liveobjects_5", "liveobjects_5\liveobjects_5.vcxproj", "{1AB2459B-FF90-471E-BD59-73CE53B123DF}"
EndProject
Project("{FAE04EC0-301F-11D3-BF4B-00C04F79EFBC}") = "liveobjects_6", "liveobjects_6\liveobjects_6.csproj", "{A17EE7A5-3A05-4CAB-A5B4-249BCCD3C604}"
EndProject
Project("{FAE04EC0-301F-11D3-BF4B-00C04F79EFBC}") = "liveobjects_7", "liveobjects_7\liveobjects_7.csproj", "{8B85A998-9E96-4AEA-8358-392CB8440ABE}"
EndProject
Project("{8BC9CEB8-8B4A-11D0-8D11-00A0C91BC942}") = "liveobjects", "liveobjects\liveobjects.vcxproj", "{2BAFA19D-4AFB-4909-BFD5-19F26A570955}"
EndProject
Project("{FAE04EC0-301F-11D3-BF4B-00C04F79EFBC}") = "liveobjects_9", "liveobjects_9\liveobjects_9.csproj", "{9FE2D3E9-8C80-4AD0-AE11-E98CC6D790E7}"
EndProject
Project("{FAE04EC0-301F-11D3-BF4B-00C04F79EFBC}") = "liveobjects_8", "liveobjects_8\liveobjects_8.csproj", "{26D7B6AB-2E7D-4666-8B25-90F25F1589E5}"
EndProject
Project("{8BC9CEB8-8B4A-11D0-8D11-00A0C91BC942}") = "Content", "Content\Content.vcxproj", "{C4456705-9A3C-4C7E-B7EA-D86BEC379D68}"
EndProject
Project("{FAE04EC0-301F-11D3-BF4B-00C04F79EFBC}") = "TextComponent", "TextComponent\TextComponent.csproj", "{9E771EE5-10B0-49FF-8BFC-2787DC053211}"
EndProject
Project("{FAE04EC0-301F-11D3-BF4B-00C04F79EFBC}") = "Circuit", "Circuit\Circuit\Circuit.csproj", "{F5C4930C-9C0A-43F1-B65E-C4B418E09E36}"
EndProject
Project("{FAE04EC0-301F-11D3-BF4B-00C04F79EFBC}") = "ConsoleApplication1", "Graph\ConsoleApplication1\ConsoleApplication1.csproj", "{A1D9CC0C-6E57-42B1-80A1-AE593BDC9E69}"
EndProject
Project("{FAE04EC0-301F-11D3-BF4B-00C04F79EFBC}") = "Dashboard", "Dashboard\Dashboard.csproj", "{CAF8D552-B7E0-4E99-A9F5-267FA1859D59}"
EndProject
Project("{FAE04EC0-301F-11D3-BF4B-00C04F79EFBC}") = "Program", "Program\Program.csproj", "{BBC58AFC-E7AE-41D8-9311-BB44127CDE07}"
EndProject
Global
	GlobalSection(SolutionConfigurationPlatforms) = preSolution
		Debug|Any CPU = Debug|Any CPU
		Debug|Mixed Platforms = Debug|Mixed Platforms
		Debug|Win32 = Debug|Win32
		Debug|x64 = Debug|x64
		Debug|x86 = Debug|x86
		Distribution|Any CPU = Distribution|Any CPU
		Distribution|Mixed Platforms = Distribution|Mixed Platforms
		Distribution|Win32 = Distribution|Win32
		Distribution|x64 = Distribution|x64
		Distribution|x86 = Distribution|x86
		Linux Distribution|Any CPU = Linux Distribution|Any CPU
		Linux Distribution|Mixed Platforms = Linux Distribution|Mixed Platforms
		Linux Distribution|Win32 = Linux Distribution|Win32
		Linux Distribution|x64 = Linux Distribution|x64
		Linux Distribution|x86 = Linux Distribution|x86
		Linux|Any CPU = Linux|Any CPU
		Linux|Mixed Platforms = Linux|Mixed Platforms
		Linux|Win32 = Linux|Win32
		Linux|x64 = Linux|x64
		Linux|x86 = Linux|x86
		Release|Any CPU = Release|Any CPU
		Release|Mixed Platforms = Release|Mixed Platforms
		Release|Win32 = Release|Win32
		Release|x64 = Release|x64
		Release|x86 = Release|x86
		Simulation|Any CPU = Simulation|Any CPU
		Simulation|Mixed Platforms = Simulation|Mixed Platforms
		Simulation|Win32 = Simulation|Win32
		Simulation|x64 = Simulation|x64
		Simulation|x86 = Simulation|x86
	EndGlobalSection
	GlobalSection(ProjectConfigurationPlatforms) = postSolution
		{F06CF495-6A41-4E21-8BD7-ECCA7F2C2D2A}.Debug|Any CPU.ActiveCfg = Simulation|x64
		{F06CF495-6A41-4E21-8BD7-ECCA7F2C2D2A}.Debug|Any CPU.Build.0 = Simulation|x64
		{F06CF495-6A41-4E21-8BD7-ECCA7F2C2D2A}.Debug|Mixed Platforms.ActiveCfg = Debug|x86
		{F06CF495-6A41-4E21-8BD7-ECCA7F2C2D2A}.Debug|Mixed Platforms.Build.0 = Debug|x86
		{F06CF495-6A41-4E21-8BD7-ECCA7F2C2D2A}.Debug|Win32.ActiveCfg = Debug|x86
		{F06CF495-6A41-4E21-8BD7-ECCA7F2C2D2A}.Debug|Win32.Build.0 = Debug|x86
		{F06CF495-6A41-4E21-8BD7-ECCA7F2C2D2A}.Debug|x64.ActiveCfg = Debug|x64
		{F06CF495-6A41-4E21-8BD7-ECCA7F2C2D2A}.Debug|x64.Build.0 = Debug|x64
		{F06CF495-6A41-4E21-8BD7-ECCA7F2C2D2A}.Debug|x86.ActiveCfg = Debug|x86
		{F06CF495-6A41-4E21-8BD7-ECCA7F2C2D2A}.Debug|x86.Build.0 = Debug|x86
		{F06CF495-6A41-4E21-8BD7-ECCA7F2C2D2A}.Distribution|Any CPU.ActiveCfg = Distribution|x64
		{F06CF495-6A41-4E21-8BD7-ECCA7F2C2D2A}.Distribution|Any CPU.Build.0 = Distribution|x64
		{F06CF495-6A41-4E21-8BD7-ECCA7F2C2D2A}.Distribution|Mixed Platforms.ActiveCfg = Distribution|x86
		{F06CF495-6A41-4E21-8BD7-ECCA7F2C2D2A}.Distribution|Mixed Platforms.Build.0 = Distribution|x86
		{F06CF495-6A41-4E21-8BD7-ECCA7F2C2D2A}.Distribution|Win32.ActiveCfg = Distribution|x86
		{F06CF495-6A41-4E21-8BD7-ECCA7F2C2D2A}.Distribution|Win32.Build.0 = Distribution|x86
		{F06CF495-6A41-4E21-8BD7-ECCA7F2C2D2A}.Distribution|x64.ActiveCfg = Distribution|x64
		{F06CF495-6A41-4E21-8BD7-ECCA7F2C2D2A}.Distribution|x64.Build.0 = Distribution|x64
		{F06CF495-6A41-4E21-8BD7-ECCA7F2C2D2A}.Distribution|x86.ActiveCfg = Distribution|x86
		{F06CF495-6A41-4E21-8BD7-ECCA7F2C2D2A}.Distribution|x86.Build.0 = Distribution|x86
		{F06CF495-6A41-4E21-8BD7-ECCA7F2C2D2A}.Linux Distribution|Any CPU.ActiveCfg = Distribution|Any CPU
		{F06CF495-6A41-4E21-8BD7-ECCA7F2C2D2A}.Linux Distribution|Any CPU.Build.0 = Distribution|Any CPU
		{F06CF495-6A41-4E21-8BD7-ECCA7F2C2D2A}.Linux Distribution|Mixed Platforms.ActiveCfg = Distribution|x86
		{F06CF495-6A41-4E21-8BD7-ECCA7F2C2D2A}.Linux Distribution|Mixed Platforms.Build.0 = Distribution|x86
		{F06CF495-6A41-4E21-8BD7-ECCA7F2C2D2A}.Linux Distribution|Win32.ActiveCfg = Distribution|x86
		{F06CF495-6A41-4E21-8BD7-ECCA7F2C2D2A}.Linux Distribution|x64.ActiveCfg = Distribution|x64
		{F06CF495-6A41-4E21-8BD7-ECCA7F2C2D2A}.Linux Distribution|x64.Build.0 = Distribution|x64
		{F06CF495-6A41-4E21-8BD7-ECCA7F2C2D2A}.Linux Distribution|x86.ActiveCfg = Distribution|x86
		{F06CF495-6A41-4E21-8BD7-ECCA7F2C2D2A}.Linux Distribution|x86.Build.0 = Distribution|x86
		{F06CF495-6A41-4E21-8BD7-ECCA7F2C2D2A}.Linux|Any CPU.ActiveCfg = Linux|Any CPU
		{F06CF495-6A41-4E21-8BD7-ECCA7F2C2D2A}.Linux|Any CPU.Build.0 = Linux|Any CPU
		{F06CF495-6A41-4E21-8BD7-ECCA7F2C2D2A}.Linux|Mixed Platforms.ActiveCfg = Linux|x86
		{F06CF495-6A41-4E21-8BD7-ECCA7F2C2D2A}.Linux|Mixed Platforms.Build.0 = Linux|x86
		{F06CF495-6A41-4E21-8BD7-ECCA7F2C2D2A}.Linux|Win32.ActiveCfg = Linux|x86
		{F06CF495-6A41-4E21-8BD7-ECCA7F2C2D2A}.Linux|x64.ActiveCfg = Linux|x64
		{F06CF495-6A41-4E21-8BD7-ECCA7F2C2D2A}.Linux|x64.Build.0 = Linux|x64
		{F06CF495-6A41-4E21-8BD7-ECCA7F2C2D2A}.Linux|x86.ActiveCfg = Linux|x86
		{F06CF495-6A41-4E21-8BD7-ECCA7F2C2D2A}.Linux|x86.Build.0 = Linux|x86
		{F06CF495-6A41-4E21-8BD7-ECCA7F2C2D2A}.Release|Any CPU.ActiveCfg = Release|x64
		{F06CF495-6A41-4E21-8BD7-ECCA7F2C2D2A}.Release|Any CPU.Build.0 = Release|x64
		{F06CF495-6A41-4E21-8BD7-ECCA7F2C2D2A}.Release|Mixed Platforms.ActiveCfg = Release|x86
		{F06CF495-6A41-4E21-8BD7-ECCA7F2C2D2A}.Release|Mixed Platforms.Build.0 = Release|x86
		{F06CF495-6A41-4E21-8BD7-ECCA7F2C2D2A}.Release|Win32.ActiveCfg = Release|x86
		{F06CF495-6A41-4E21-8BD7-ECCA7F2C2D2A}.Release|Win32.Build.0 = Release|x86
		{F06CF495-6A41-4E21-8BD7-ECCA7F2C2D2A}.Release|x64.ActiveCfg = Release|x64
		{F06CF495-6A41-4E21-8BD7-ECCA7F2C2D2A}.Release|x64.Build.0 = Release|x64
		{F06CF495-6A41-4E21-8BD7-ECCA7F2C2D2A}.Release|x86.ActiveCfg = Release|x86
		{F06CF495-6A41-4E21-8BD7-ECCA7F2C2D2A}.Release|x86.Build.0 = Release|x86
		{F06CF495-6A41-4E21-8BD7-ECCA7F2C2D2A}.Simulation|Any CPU.ActiveCfg = Simulation|x64
		{F06CF495-6A41-4E21-8BD7-ECCA7F2C2D2A}.Simulation|Any CPU.Build.0 = Simulation|x64
		{F06CF495-6A41-4E21-8BD7-ECCA7F2C2D2A}.Simulation|Mixed Platforms.ActiveCfg = Simulation|x86
		{F06CF495-6A41-4E21-8BD7-ECCA7F2C2D2A}.Simulation|Mixed Platforms.Build.0 = Simulation|x86
		{F06CF495-6A41-4E21-8BD7-ECCA7F2C2D2A}.Simulation|Win32.ActiveCfg = Simulation|x86
		{F06CF495-6A41-4E21-8BD7-ECCA7F2C2D2A}.Simulation|Win32.Build.0 = Simulation|x86
		{F06CF495-6A41-4E21-8BD7-ECCA7F2C2D2A}.Simulation|x64.ActiveCfg = Simulation|x64
		{F06CF495-6A41-4E21-8BD7-ECCA7F2C2D2A}.Simulation|x64.Build.0 = Simulation|x64
		{F06CF495-6A41-4E21-8BD7-ECCA7F2C2D2A}.Simulation|x86.ActiveCfg = Simulation|x86
		{F06CF495-6A41-4E21-8BD7-ECCA7F2C2D2A}.Simulation|x86.Build.0 = Simulation|x86
		{053BD26D-EB9B-4415-8519-2CE292201FE4}.Debug|Any CPU.ActiveCfg = Simulation|x64
		{053BD26D-EB9B-4415-8519-2CE292201FE4}.Debug|Any CPU.Build.0 = Simulation|x64
		{053BD26D-EB9B-4415-8519-2CE292201FE4}.Debug|Mixed Platforms.ActiveCfg = Debug|x64
		{053BD26D-EB9B-4415-8519-2CE292201FE4}.Debug|Mixed Platforms.Build.0 = Debug|x64
		{053BD26D-EB9B-4415-8519-2CE292201FE4}.Debug|Win32.ActiveCfg = Debug|Win32
		{053BD26D-EB9B-4415-8519-2CE292201FE4}.Debug|Win32.Build.0 = Debug|Win32
		{053BD26D-EB9B-4415-8519-2CE292201FE4}.Debug|x64.ActiveCfg = Debug|x64
		{053BD26D-EB9B-4415-8519-2CE292201FE4}.Debug|x64.Build.0 = Debug|x64
		{053BD26D-EB9B-4415-8519-2CE292201FE4}.Debug|x86.ActiveCfg = Debug|Win32
		{053BD26D-EB9B-4415-8519-2CE292201FE4}.Debug|x86.Build.0 = Debug|Win32
		{053BD26D-EB9B-4415-8519-2CE292201FE4}.Distribution|Any CPU.ActiveCfg = Distribution|x64
		{053BD26D-EB9B-4415-8519-2CE292201FE4}.Distribution|Any CPU.Build.0 = Distribution|x64
		{053BD26D-EB9B-4415-8519-2CE292201FE4}.Distribution|Mixed Platforms.ActiveCfg = Distribution|x64
		{053BD26D-EB9B-4415-8519-2CE292201FE4}.Distribution|Mixed Platforms.Build.0 = Distribution|x64
		{053BD26D-EB9B-4415-8519-2CE292201FE4}.Distribution|Win32.ActiveCfg = Distribution|Win32
		{053BD26D-EB9B-4415-8519-2CE292201FE4}.Distribution|Win32.Build.0 = Distribution|Win32
		{053BD26D-EB9B-4415-8519-2CE292201FE4}.Distribution|x64.ActiveCfg = Distribution|x64
		{053BD26D-EB9B-4415-8519-2CE292201FE4}.Distribution|x64.Build.0 = Distribution|x64
		{053BD26D-EB9B-4415-8519-2CE292201FE4}.Distribution|x86.ActiveCfg = Distribution|Win32
		{053BD26D-EB9B-4415-8519-2CE292201FE4}.Distribution|x86.Build.0 = Distribution|Win32
		{053BD26D-EB9B-4415-8519-2CE292201FE4}.Linux Distribution|Any CPU.ActiveCfg = Distribution|x64
		{053BD26D-EB9B-4415-8519-2CE292201FE4}.Linux Distribution|Mixed Platforms.ActiveCfg = Distribution|x64
		{053BD26D-EB9B-4415-8519-2CE292201FE4}.Linux Distribution|Mixed Platforms.Build.0 = Distribution|x64
		{053BD26D-EB9B-4415-8519-2CE292201FE4}.Linux Distribution|Win32.ActiveCfg = Distribution|Win32
		{053BD26D-EB9B-4415-8519-2CE292201FE4}.Linux Distribution|Win32.Build.0 = Distribution|Win32
		{053BD26D-EB9B-4415-8519-2CE292201FE4}.Linux Distribution|x64.ActiveCfg = Distribution|x64
		{053BD26D-EB9B-4415-8519-2CE292201FE4}.Linux Distribution|x64.Build.0 = Distribution|x64
		{053BD26D-EB9B-4415-8519-2CE292201FE4}.Linux Distribution|x86.ActiveCfg = Distribution|x64
		{053BD26D-EB9B-4415-8519-2CE292201FE4}.Linux|Any CPU.ActiveCfg = Simulation|x64
		{053BD26D-EB9B-4415-8519-2CE292201FE4}.Linux|Mixed Platforms.ActiveCfg = Azure-Release|x64
		{053BD26D-EB9B-4415-8519-2CE292201FE4}.Linux|Mixed Platforms.Build.0 = Azure-Release|x64
		{053BD26D-EB9B-4415-8519-2CE292201FE4}.Linux|Win32.ActiveCfg = Simulation|x64
		{053BD26D-EB9B-4415-8519-2CE292201FE4}.Linux|x64.ActiveCfg = Simulation|x64
		{053BD26D-EB9B-4415-8519-2CE292201FE4}.Linux|x64.Build.0 = Simulation|x64
		{053BD26D-EB9B-4415-8519-2CE292201FE4}.Linux|x86.ActiveCfg = Simulation|x64
		{053BD26D-EB9B-4415-8519-2CE292201FE4}.Release|Any CPU.ActiveCfg = Release|x64
		{053BD26D-EB9B-4415-8519-2CE292201FE4}.Release|Any CPU.Build.0 = Release|x64
		{053BD26D-EB9B-4415-8519-2CE292201FE4}.Release|Mixed Platforms.ActiveCfg = Release|x64
		{053BD26D-EB9B-4415-8519-2CE292201FE4}.Release|Mixed Platforms.Build.0 = Release|x64
		{053BD26D-EB9B-4415-8519-2CE292201FE4}.Release|Win32.ActiveCfg = Release|Win32
		{053BD26D-EB9B-4415-8519-2CE292201FE4}.Release|Win32.Build.0 = Release|Win32
		{053BD26D-EB9B-4415-8519-2CE292201FE4}.Release|x64.ActiveCfg = Release|x64
		{053BD26D-EB9B-4415-8519-2CE292201FE4}.Release|x64.Build.0 = Release|x64
		{053BD26D-EB9B-4415-8519-2CE292201FE4}.Release|x86.ActiveCfg = Release|Win32
		{053BD26D-EB9B-4415-8519-2CE292201FE4}.Release|x86.Build.0 = Release|Win32
		{053BD26D-EB9B-4415-8519-2CE292201FE4}.Simulation|Any CPU.ActiveCfg = Simulation|x64
		{053BD26D-EB9B-4415-8519-2CE292201FE4}.Simulation|Any CPU.Build.0 = Simulation|x64
		{053BD26D-EB9B-4415-8519-2CE292201FE4}.Simulation|Mixed Platforms.ActiveCfg = Simulation|x64
		{053BD26D-EB9B-4415-8519-2CE292201FE4}.Simulation|Mixed Platforms.Build.0 = Simulation|x64
		{053BD26D-EB9B-4415-8519-2CE292201FE4}.Simulation|Win32.ActiveCfg = Simulation|Win32
		{053BD26D-EB9B-4415-8519-2CE292201FE4}.Simulation|Win32.Build.0 = Simulation|Win32
		{053BD26D-EB9B-4415-8519-2CE292201FE4}.Simulation|x64.ActiveCfg = Simulation|x64
		{053BD26D-EB9B-4415-8519-2CE292201FE4}.Simulation|x64.Build.0 = Simulation|x64
		{053BD26D-EB9B-4415-8519-2CE292201FE4}.Simulation|x86.ActiveCfg = Simulation|Win32
		{053BD26D-EB9B-4415-8519-2CE292201FE4}.Simulation|x86.Build.0 = Simulation|Win32
		{7D8A5838-22A5-46C1-BAEC-4D5EFEEEB6CA}.Debug|Any CPU.ActiveCfg = Simulation|x64
		{7D8A5838-22A5-46C1-BAEC-4D5EFEEEB6CA}.Debug|Any CPU.Build.0 = Simulation|x64
		{7D8A5838-22A5-46C1-BAEC-4D5EFEEEB6CA}.Debug|Mixed Platforms.ActiveCfg = Debug|x64
		{7D8A5838-22A5-46C1-BAEC-4D5EFEEEB6CA}.Debug|Mixed Platforms.Build.0 = Debug|x64
		{7D8A5838-22A5-46C1-BAEC-4D5EFEEEB6CA}.Debug|Win32.ActiveCfg = Debug|Win32
		{7D8A5838-22A5-46C1-BAEC-4D5EFEEEB6CA}.Debug|Win32.Build.0 = Debug|Win32
		{7D8A5838-22A5-46C1-BAEC-4D5EFEEEB6CA}.Debug|x64.ActiveCfg = Debug|x64
		{7D8A5838-22A5-46C1-BAEC-4D5EFEEEB6CA}.Debug|x64.Build.0 = Debug|x64
		{7D8A5838-22A5-46C1-BAEC-4D5EFEEEB6CA}.Debug|x86.ActiveCfg = Debug|Win32
		{7D8A5838-22A5-46C1-BAEC-4D5EFEEEB6CA}.Debug|x86.Build.0 = Debug|Win32
		{7D8A5838-22A5-46C1-BAEC-4D5EFEEEB6CA}.Distribution|Any CPU.ActiveCfg = Distribution|x64
		{7D8A5838-22A5-46C1-BAEC-4D5EFEEEB6CA}.Distribution|Any CPU.Build.0 = Distribution|x64
		{7D8A5838-22A5-46C1-BAEC-4D5EFEEEB6CA}.Distribution|Mixed Platforms.ActiveCfg = Distribution|x64
		{7D8A5838-22A5-46C1-BAEC-4D5EFEEEB6CA}.Distribution|Mixed Platforms.Build.0 = Distribution|x64
		{7D8A5838-22A5-46C1-BAEC-4D5EFEEEB6CA}.Distribution|Win32.ActiveCfg = Distribution|Win32
		{7D8A5838-22A5-46C1-BAEC-4D5EFEEEB6CA}.Distribution|Win32.Build.0 = Distribution|Win32
		{7D8A5838-22A5-46C1-BAEC-4D5EFEEEB6CA}.Distribution|x64.ActiveCfg = Distribution|x64
		{7D8A5838-22A5-46C1-BAEC-4D5EFEEEB6CA}.Distribution|x64.Build.0 = Distribution|x64
		{7D8A5838-22A5-46C1-BAEC-4D5EFEEEB6CA}.Distribution|x86.ActiveCfg = Distribution|Win32
		{7D8A5838-22A5-46C1-BAEC-4D5EFEEEB6CA}.Distribution|x86.Build.0 = Distribution|Win32
		{7D8A5838-22A5-46C1-BAEC-4D5EFEEEB6CA}.Linux Distribution|Any CPU.ActiveCfg = Distribution|x64
		{7D8A5838-22A5-46C1-BAEC-4D5EFEEEB6CA}.Linux Distribution|Mixed Platforms.ActiveCfg = Distribution|x64
		{7D8A5838-22A5-46C1-BAEC-4D5EFEEEB6CA}.Linux Distribution|Mixed Platforms.Build.0 = Distribution|x64
		{7D8A5838-22A5-46C1-BAEC-4D5EFEEEB6CA}.Linux Distribution|Win32.ActiveCfg = Distribution|Win32
		{7D8A5838-22A5-46C1-BAEC-4D5EFEEEB6CA}.Linux Distribution|Win32.Build.0 = Distribution|Win32
		{7D8A5838-22A5-46C1-BAEC-4D5EFEEEB6CA}.Linux Distribution|x64.ActiveCfg = Distribution|x64
		{7D8A5838-22A5-46C1-BAEC-4D5EFEEEB6CA}.Linux Distribution|x64.Build.0 = Distribution|x64
		{7D8A5838-22A5-46C1-BAEC-4D5EFEEEB6CA}.Linux Distribution|x86.ActiveCfg = Distribution|x64
		{7D8A5838-22A5-46C1-BAEC-4D5EFEEEB6CA}.Linux|Any CPU.ActiveCfg = Simulation|x64
		{7D8A5838-22A5-46C1-BAEC-4D5EFEEEB6CA}.Linux|Mixed Platforms.ActiveCfg = Azure-Release|x64
		{7D8A5838-22A5-46C1-BAEC-4D5EFEEEB6CA}.Linux|Mixed Platforms.Build.0 = Azure-Release|x64
		{7D8A5838-22A5-46C1-BAEC-4D5EFEEEB6CA}.Linux|Win32.ActiveCfg = Simulation|x64
		{7D8A5838-22A5-46C1-BAEC-4D5EFEEEB6CA}.Linux|x64.ActiveCfg = Simulation|x64
		{7D8A5838-22A5-46C1-BAEC-4D5EFEEEB6CA}.Linux|x64.Build.0 = Simulation|x64
		{7D8A5838-22A5-46C1-BAEC-4D5EFEEEB6CA}.Linux|x86.ActiveCfg = Simulation|x64
		{7D8A5838-22A5-46C1-BAEC-4D5EFEEEB6CA}.Release|Any CPU.ActiveCfg = Release|x64
		{7D8A5838-22A5-46C1-BAEC-4D5EFEEEB6CA}.Release|Any CPU.Build.0 = Release|x64
		{7D8A5838-22A5-46C1-BAEC-4D5EFEEEB6CA}.Release|Mixed Platforms.ActiveCfg = Release|x64
		{7D8A5838-22A5-46C1-BAEC-4D5EFEEEB6CA}.Release|Mixed Platforms.Build.0 = Release|x64
		{7D8A5838-22A5-46C1-BAEC-4D5EFEEEB6CA}.Release|Win32.ActiveCfg = Release|Win32
		{7D8A5838-22A5-46C1-BAEC-4D5EFEEEB6CA}.Release|Win32.Build.0 = Release|Win32
		{7D8A5838-22A5-46C1-BAEC-4D5EFEEEB6CA}.Release|x64.ActiveCfg = Release|x64
		{7D8A5838-22A5-46C1-BAEC-4D5EFEEEB6CA}.Release|x64.Build.0 = Release|x64
		{7D8A5838-22A5-46C1-BAEC-4D5EFEEEB6CA}.Release|x86.ActiveCfg = Release|Win32
		{7D8A5838-22A5-46C1-BAEC-4D5EFEEEB6CA}.Release|x86.Build.0 = Release|Win32
		{7D8A5838-22A5-46C1-BAEC-4D5EFEEEB6CA}.Simulation|Any CPU.ActiveCfg = Simulation|x64
		{7D8A5838-22A5-46C1-BAEC-4D5EFEEEB6CA}.Simulation|Any CPU.Build.0 = Simulation|x64
		{7D8A5838-22A5-46C1-BAEC-4D5EFEEEB6CA}.Simulation|Mixed Platforms.ActiveCfg = Simulation|x64
		{7D8A5838-22A5-46C1-BAEC-4D5EFEEEB6CA}.Simulation|Mixed Platforms.Build.0 = Simulation|x64
		{7D8A5838-22A5-46C1-BAEC-4D5EFEEEB6CA}.Simulation|Win32.ActiveCfg = Simulation|Win32
		{7D8A5838-22A5-46C1-BAEC-4D5EFEEEB6CA}.Simulation|Win32.Build.0 = Simulation|Win32
		{7D8A5838-22A5-46C1-BAEC-4D5EFEEEB6CA}.Simulation|x64.ActiveCfg = Simulation|x64
		{7D8A5838-22A5-46C1-BAEC-4D5EFEEEB6CA}.Simulation|x64.Build.0 = Simulation|x64
		{7D8A5838-22A5-46C1-BAEC-4D5EFEEEB6CA}.Simulation|x86.ActiveCfg = Simulation|Win32
		{7D8A5838-22A5-46C1-BAEC-4D5EFEEEB6CA}.Simulation|x86.Build.0 = Simulation|Win32
		{F31A380F-1CE2-4F4A-96E9-5043C131C6EE}.Debug|Any CPU.ActiveCfg = Simulation|x64
		{F31A380F-1CE2-4F4A-96E9-5043C131C6EE}.Debug|Any CPU.Build.0 = Simulation|x64
		{F31A380F-1CE2-4F4A-96E9-5043C131C6EE}.Debug|Mixed Platforms.ActiveCfg = Debug|x86
		{F31A380F-1CE2-4F4A-96E9-5043C131C6EE}.Debug|Mixed Platforms.Build.0 = Debug|x86
		{F31A380F-1CE2-4F4A-96E9-5043C131C6EE}.Debug|Win32.ActiveCfg = Debug|x86
		{F31A380F-1CE2-4F4A-96E9-5043C131C6EE}.Debug|Win32.Build.0 = Debug|x86
		{F31A380F-1CE2-4F4A-96E9-5043C131C6EE}.Debug|x64.ActiveCfg = Debug|x64
		{F31A380F-1CE2-4F4A-96E9-5043C131C6EE}.Debug|x64.Build.0 = Debug|x64
		{F31A380F-1CE2-4F4A-96E9-5043C131C6EE}.Debug|x86.ActiveCfg = Debug|x86
		{F31A380F-1CE2-4F4A-96E9-5043C131C6EE}.Debug|x86.Build.0 = Debug|x86
		{F31A380F-1CE2-4F4A-96E9-5043C131C6EE}.Distribution|Any CPU.ActiveCfg = Distribution|x64
		{F31A380F-1CE2-4F4A-96E9-5043C131C6EE}.Distribution|Any CPU.Build.0 = Distribution|x64
		{F31A380F-1CE2-4F4A-96E9-5043C131C6EE}.Distribution|Mixed Platforms.ActiveCfg = Distribution|x86
		{F31A380F-1CE2-4F4A-96E9-5043C131C6EE}.Distribution|Mixed Platforms.Build.0 = Distribution|x86
		{F31A380F-1CE2-4F4A-96E9-5043C131C6EE}.Distribution|Win32.ActiveCfg = Distribution|x86
		{F31A380F-1CE2-4F4A-96E9-5043C131C6EE}.Distribution|Win32.Build.0 = Distribution|x86
		{F31A380F-1CE2-4F4A-96E9-5043C131C6EE}.Distribution|x64.ActiveCfg = Distribution|x64
		{F31A380F-1CE2-4F4A-96E9-5043C131C6EE}.Distribution|x64.Build.0 = Distribution|x64
		{F31A380F-1CE2-4F4A-96E9-5043C131C6EE}.Distribution|x86.ActiveCfg = Distribution|x86
		{F31A380F-1CE2-4F4A-96E9-5043C131C6EE}.Distribution|x86.Build.0 = Distribution|x86
		{F31A380F-1CE2-4F4A-96E9-5043C131C6EE}.Linux Distribution|Any CPU.ActiveCfg = Distribution|Any CPU
		{F31A380F-1CE2-4F4A-96E9-5043C131C6EE}.Linux Distribution|Any CPU.Build.0 = Distribution|Any CPU
		{F31A380F-1CE2-4F4A-96E9-5043C131C6EE}.Linux Distribution|Mixed Platforms.ActiveCfg = Distribution|x86
		{F31A380F-1CE2-4F4A-96E9-5043C131C6EE}.Linux Distribution|Mixed Platforms.Build.0 = Distribution|x86
		{F31A380F-1CE2-4F4A-96E9-5043C131C6EE}.Linux Distribution|Win32.ActiveCfg = Distribution|x86
		{F31A380F-1CE2-4F4A-96E9-5043C131C6EE}.Linux Distribution|x64.ActiveCfg = Distribution|x64
		{F31A380F-1CE2-4F4A-96E9-5043C131C6EE}.Linux Distribution|x64.Build.0 = Distribution|x64
		{F31A380F-1CE2-4F4A-96E9-5043C131C6EE}.Linux Distribution|x86.ActiveCfg = Distribution|x86
		{F31A380F-1CE2-4F4A-96E9-5043C131C6EE}.Linux Distribution|x86.Build.0 = Distribution|x86
		{F31A380F-1CE2-4F4A-96E9-5043C131C6EE}.Linux|Any CPU.ActiveCfg = Linux|Any CPU
		{F31A380F-1CE2-4F4A-96E9-5043C131C6EE}.Linux|Any CPU.Build.0 = Linux|Any CPU
		{F31A380F-1CE2-4F4A-96E9-5043C131C6EE}.Linux|Mixed Platforms.ActiveCfg = Linux|x86
		{F31A380F-1CE2-4F4A-96E9-5043C131C6EE}.Linux|Mixed Platforms.Build.0 = Linux|x86
		{F31A380F-1CE2-4F4A-96E9-5043C131C6EE}.Linux|Win32.ActiveCfg = Linux|x86
		{F31A380F-1CE2-4F4A-96E9-5043C131C6EE}.Linux|x64.ActiveCfg = Linux|x64
		{F31A380F-1CE2-4F4A-96E9-5043C131C6EE}.Linux|x64.Build.0 = Linux|x64
		{F31A380F-1CE2-4F4A-96E9-5043C131C6EE}.Linux|x86.ActiveCfg = Linux|x86
		{F31A380F-1CE2-4F4A-96E9-5043C131C6EE}.Linux|x86.Build.0 = Linux|x86
		{F31A380F-1CE2-4F4A-96E9-5043C131C6EE}.Release|Any CPU.ActiveCfg = Release|x64
		{F31A380F-1CE2-4F4A-96E9-5043C131C6EE}.Release|Any CPU.Build.0 = Release|x64
		{F31A380F-1CE2-4F4A-96E9-5043C131C6EE}.Release|Mixed Platforms.ActiveCfg = Release|x86
		{F31A380F-1CE2-4F4A-96E9-5043C131C6EE}.Release|Mixed Platforms.Build.0 = Release|x86
		{F31A380F-1CE2-4F4A-96E9-5043C131C6EE}.Release|Win32.ActiveCfg = Release|x86
		{F31A380F-1CE2-4F4A-96E9-5043C131C6EE}.Release|Win32.Build.0 = Release|x86
		{F31A380F-1CE2-4F4A-96E9-5043C131C6EE}.Release|x64.ActiveCfg = Release|x64
		{F31A380F-1CE2-4F4A-96E9-5043C131C6EE}.Release|x64.Build.0 = Release|x64
		{F31A380F-1CE2-4F4A-96E9-5043C131C6EE}.Release|x86.ActiveCfg = Release|x86
		{F31A380F-1CE2-4F4A-96E9-5043C131C6EE}.Release|x86.Build.0 = Release|x86
		{F31A380F-1CE2-4F4A-96E9-5043C131C6EE}.Simulation|Any CPU.ActiveCfg = Simulation|x64
		{F31A380F-1CE2-4F4A-96E9-5043C131C6EE}.Simulation|Any CPU.Build.0 = Simulation|x64
		{F31A380F-1CE2-4F4A-96E9-5043C131C6EE}.Simulation|Mixed Platforms.ActiveCfg = Simulation|x86
		{F31A380F-1CE2-4F4A-96E9-5043C131C6EE}.Simulation|Mixed Platforms.Build.0 = Simulation|x86
		{F31A380F-1CE2-4F4A-96E9-5043C131C6EE}.Simulation|Win32.ActiveCfg = Simulation|x86
		{F31A380F-1CE2-4F4A-96E9-5043C131C6EE}.Simulation|Win32.Build.0 = Simulation|x86
		{F31A380F-1CE2-4F4A-96E9-5043C131C6EE}.Simulation|x64.ActiveCfg = Simulation|x64
		{F31A380F-1CE2-4F4A-96E9-5043C131C6EE}.Simulation|x64.Build.0 = Simulation|x64
		{F31A380F-1CE2-4F4A-96E9-5043C131C6EE}.Simulation|x86.ActiveCfg = Simulation|x86
		{F31A380F-1CE2-4F4A-96E9-5043C131C6EE}.Simulation|x86.Build.0 = Simulation|x86
		{1AB2459B-FF90-471E-BD59-73CE53B123DF}.Debug|Any CPU.ActiveCfg = Simulation|x64
		{1AB2459B-FF90-471E-BD59-73CE53B123DF}.Debug|Any CPU.Build.0 = Simulation|x64
		{1AB2459B-FF90-471E-BD59-73CE53B123DF}.Debug|Mixed Platforms.ActiveCfg = Debug|x64
		{1AB2459B-FF90-471E-BD59-73CE53B123DF}.Debug|Mixed Platforms.Build.0 = Debug|x64
		{1AB2459B-FF90-471E-BD59-73CE53B123DF}.Debug|Win32.ActiveCfg = Debug|Win32
		{1AB2459B-FF90-471E-BD59-73CE53B123DF}.Debug|Win32.Build.0 = Debug|Win32
		{1AB2459B-FF90-471E-BD59-73CE53B123DF}.Debug|x64.ActiveCfg = Debug|x64
		{1AB2459B-FF90-471E-BD59-73CE53B123DF}.Debug|x64.Build.0 = Debug|x64
		{1AB2459B-FF90-471E-BD59-73CE53B123DF}.Debug|x86.ActiveCfg = Debug|Win32
		{1AB2459B-FF90-471E-BD59-73CE53B123DF}.Debug|x86.Build.0 = Debug|Win32
		{1AB2459B-FF90-471E-BD59-73CE53B123DF}.Distribution|Any CPU.ActiveCfg = Distribution|x64
		{1AB2459B-FF90-471E-BD59-73CE53B123DF}.Distribution|Any CPU.Build.0 = Distribution|x64
		{1AB2459B-FF90-471E-BD59-73CE53B123DF}.Distribution|Mixed Platforms.ActiveCfg = Distribution|x64
		{1AB2459B-FF90-471E-BD59-73CE53B123DF}.Distribution|Mixed Platforms.Build.0 = Distribution|x64
		{1AB2459B-FF90-471E-BD59-73CE53B123DF}.Distribution|Win32.ActiveCfg = Distribution|Win32
		{1AB2459B-FF90-471E-BD59-73CE53B123DF}.Distribution|Win32.Build.0 = Distribution|Win32
		{1AB2459B-FF90-471E-BD59-73CE53B123DF}.Distribution|x64.ActiveCfg = Distribution|x64
		{1AB2459B-FF90-471E-BD59-73CE53B123DF}.Distribution|x64.Build.0 = Distribution|x64
		{1AB2459B-FF90-471E-BD59-73CE53B123DF}.Distribution|x86.ActiveCfg = Distribution|Win32
		{1AB2459B-FF90-471E-BD59-73CE53B123DF}.Distribution|x86.Build.0 = Distribution|Win32
		{1AB2459B-FF90-471E-BD59-73CE53B123DF}.Linux Distribution|Any CPU.ActiveCfg = Distribution|x64
		{1AB2459B-FF90-471E-BD59-73CE53B123DF}.Linux Distribution|Mixed Platforms.ActiveCfg = Distribution|x64
		{1AB2459B-FF90-471E-BD59-73CE53B123DF}.Linux Distribution|Mixed Platforms.Build.0 = Distribution|x64
		{1AB2459B-FF90-471E-BD59-73CE53B123DF}.Linux Distribution|Win32.ActiveCfg = Distribution|Win32
		{1AB2459B-FF90-471E-BD59-73CE53B123DF}.Linux Distribution|Win32.Build.0 = Distribution|Win32
		{1AB2459B-FF90-471E-BD59-73CE53B123DF}.Linux Distribution|x64.ActiveCfg = Distribution|x64
		{1AB2459B-FF90-471E-BD59-73CE53B123DF}.Linux Distribution|x64.Build.0 = Distribution|x64
		{1AB2459B-FF90-471E-BD59-73CE53B123DF}.Linux Distribution|x86.ActiveCfg = Distribution|x64
		{1AB2459B-FF90-471E-BD59-73CE53B123DF}.Linux|Any CPU.ActiveCfg = Simulation|x64
		{1AB2459B-FF90-471E-BD59-73CE53B123DF}.Linux|Mixed Platforms.ActiveCfg = Azure-Release|x64
		{1AB2459B-FF90-471E-BD59-73CE53B123DF}.Linux|Mixed Platforms.Build.0 = Azure-Release|x64
		{1AB2459B-FF90-471E-BD59-73CE53B123DF}.Linux|Win32.ActiveCfg = Simulation|x64
		{1AB2459B-FF90-471E-BD59-73CE53B123DF}.Linux|x64.ActiveCfg = Simulation|x64
		{1AB2459B-FF90-471E-BD59-73CE53B123DF}.Linux|x64.Build.0 = Simulation|x64
		{1AB2459B-FF90-471E-BD59-73CE53B123DF}.Linux|x86.ActiveCfg = Simulation|x64
		{1AB2459B-FF90-471E-BD59-73CE53B123DF}.Release|Any CPU.ActiveCfg = Release|x64
		{1AB2459B-FF90-471E-BD59-73CE53B123DF}.Release|Any CPU.Build.0 = Release|x64
		{1AB2459B-FF90-471E-BD59-73CE53B123DF}.Release|Mixed Platforms.ActiveCfg = Release|x64
		{1AB2459B-FF90-471E-BD59-73CE53B123DF}.Release|Mixed Platforms.Build.0 = Release|x64
		{1AB2459B-FF90-471E-BD59-73CE53B123DF}.Release|Win32.ActiveCfg = Release|Win32
		{1AB2459B-FF90-471E-BD59-73CE53B123DF}.Release|Win32.Build.0 = Release|Win32
		{1AB2459B-FF90-471E-BD59-73CE53B123DF}.Release|x64.ActiveCfg = Release|x64
		{1AB2459B-FF90-471E-BD59-73CE53B123DF}.Release|x64.Build.0 = Release|x64
		{1AB2459B-FF90-471E-BD59-73CE53B123DF}.Release|x86.ActiveCfg = Release|Win32
		{1AB2459B-FF90-471E-BD59-73CE53B123DF}.Release|x86.Build.0 = Release|Win32
		{1AB2459B-FF90-471E-BD59-73CE53B123DF}.Simulation|Any CPU.ActiveCfg = Simulation|x64
		{1AB2459B-FF90-471E-BD59-73CE53B123DF}.Simulation|Any CPU.Build.0 = Simulation|x64
		{1AB2459B-FF90-471E-BD59-73CE53B123DF}.Simulation|Mixed Platforms.ActiveCfg = Simulation|x64
		{1AB2459B-FF90-471E-BD59-73CE53B123DF}.Simulation|Mixed Platforms.Build.0 = Simulation|x64
		{1AB2459B-FF90-471E-BD59-73CE53B123DF}.Simulation|Win32.ActiveCfg = Simulation|Win32
		{1AB2459B-FF90-471E-BD59-73CE53B123DF}.Simulation|Win32.Build.0 = Simulation|Win32
		{1AB2459B-FF90-471E-BD59-73CE53B123DF}.Simulation|x64.ActiveCfg = Simulation|x64
		{1AB2459B-FF90-471E-BD59-73CE53B123DF}.Simulation|x64.Build.0 = Simulation|x64
		{1AB2459B-FF90-471E-BD59-73CE53B123DF}.Simulation|x86.ActiveCfg = Simulation|Win32
		{1AB2459B-FF90-471E-BD59-73CE53B123DF}.Simulation|x86.Build.0 = Simulation|Win32
		{A17EE7A5-3A05-4CAB-A5B4-249BCCD3C604}.Debug|Any CPU.ActiveCfg = Simulation|x64
		{A17EE7A5-3A05-4CAB-A5B4-249BCCD3C604}.Debug|Any CPU.Build.0 = Simulation|x64
		{A17EE7A5-3A05-4CAB-A5B4-249BCCD3C604}.Debug|Mixed Platforms.ActiveCfg = Debug|x86
		{A17EE7A5-3A05-4CAB-A5B4-249BCCD3C604}.Debug|Mixed Platforms.Build.0 = Debug|x86
		{A17EE7A5-3A05-4CAB-A5B4-249BCCD3C604}.Debug|Win32.ActiveCfg = Debug|x86
		{A17EE7A5-3A05-4CAB-A5B4-249BCCD3C604}.Debug|Win32.Build.0 = Debug|x86
		{A17EE7A5-3A05-4CAB-A5B4-249BCCD3C604}.Debug|x64.ActiveCfg = Debug|x64
		{A17EE7A5-3A05-4CAB-A5B4-249BCCD3C604}.Debug|x64.Build.0 = Debug|x64
		{A17EE7A5-3A05-4CAB-A5B4-249BCCD3C604}.Debug|x86.ActiveCfg = Debug|x86
		{A17EE7A5-3A05-4CAB-A5B4-249BCCD3C604}.Debug|x86.Build.0 = Debug|x86
		{A17EE7A5-3A05-4CAB-A5B4-249BCCD3C604}.Distribution|Any CPU.ActiveCfg = Distribution|x64
		{A17EE7A5-3A05-4CAB-A5B4-249BCCD3C604}.Distribution|Any CPU.Build.0 = Distribution|x64
		{A17EE7A5-3A05-4CAB-A5B4-249BCCD3C604}.Distribution|Mixed Platforms.ActiveCfg = Distribution|x86
		{A17EE7A5-3A05-4CAB-A5B4-249BCCD3C604}.Distribution|Mixed Platforms.Build.0 = Distribution|x86
		{A17EE7A5-3A05-4CAB-A5B4-249BCCD3C604}.Distribution|Win32.ActiveCfg = Distribution|x86
		{A17EE7A5-3A05-4CAB-A5B4-249BCCD3C604}.Distribution|Win32.Build.0 = Distribution|x86
		{A17EE7A5-3A05-4CAB-A5B4-249BCCD3C604}.Distribution|x64.ActiveCfg = Distribution|x64
		{A17EE7A5-3A05-4CAB-A5B4-249BCCD3C604}.Distribution|x64.Build.0 = Distribution|x64
		{A17EE7A5-3A05-4CAB-A5B4-249BCCD3C604}.Distribution|x86.ActiveCfg = Distribution|x86
		{A17EE7A5-3A05-4CAB-A5B4-249BCCD3C604}.Distribution|x86.Build.0 = Distribution|x86
		{A17EE7A5-3A05-4CAB-A5B4-249BCCD3C604}.Linux Distribution|Any CPU.ActiveCfg = Distribution|Any CPU
		{A17EE7A5-3A05-4CAB-A5B4-249BCCD3C604}.Linux Distribution|Any CPU.Build.0 = Distribution|Any CPU
		{A17EE7A5-3A05-4CAB-A5B4-249BCCD3C604}.Linux Distribution|Mixed Platforms.ActiveCfg = Distribution|x86
		{A17EE7A5-3A05-4CAB-A5B4-249BCCD3C604}.Linux Distribution|Mixed Platforms.Build.0 = Distribution|x86
		{A17EE7A5-3A05-4CAB-A5B4-249BCCD3C604}.Linux Distribution|Win32.ActiveCfg = Distribution|x86
		{A17EE7A5-3A05-4CAB-A5B4-249BCCD3C604}.Linux Distribution|x64.ActiveCfg = Distribution|x64
		{A17EE7A5-3A05-4CAB-A5B4-249BCCD3C604}.Linux Distribution|x64.Build.0 = Distribution|x64
		{A17EE7A5-3A05-4CAB-A5B4-249BCCD3C604}.Linux Distribution|x86.ActiveCfg = Distribution|x86
		{A17EE7A5-3A05-4CAB-A5B4-249BCCD3C604}.Linux Distribution|x86.Build.0 = Distribution|x86
		{A17EE7A5-3A05-4CAB-A5B4-249BCCD3C604}.Linux|Any CPU.ActiveCfg = Linux|Any CPU
		{A17EE7A5-3A05-4CAB-A5B4-249BCCD3C604}.Linux|Any CPU.Build.0 = Linux|Any CPU
		{A17EE7A5-3A05-4CAB-A5B4-249BCCD3C604}.Linux|Mixed Platforms.ActiveCfg = Linux|x86
		{A17EE7A5-3A05-4CAB-A5B4-249BCCD3C604}.Linux|Mixed Platforms.Build.0 = Linux|x86
		{A17EE7A5-3A05-4CAB-A5B4-249BCCD3C604}.Linux|Win32.ActiveCfg = Linux|x86
		{A17EE7A5-3A05-4CAB-A5B4-249BCCD3C604}.Linux|x64.ActiveCfg = Linux|x64
		{A17EE7A5-3A05-4CAB-A5B4-249BCCD3C604}.Linux|x64.Build.0 = Linux|x64
		{A17EE7A5-3A05-4CAB-A5B4-249BCCD3C604}.Linux|x86.ActiveCfg = Linux|x86
		{A17EE7A5-3A05-4CAB-A5B4-249BCCD3C604}.Linux|x86.Build.0 = Linux|x86
		{A17EE7A5-3A05-4CAB-A5B4-249BCCD3C604}.Release|Any CPU.ActiveCfg = Release|x64
		{A17EE7A5-3A05-4CAB-A5B4-249BCCD3C604}.Release|Any CPU.Build.0 = Release|x64
		{A17EE7A5-3A05-4CAB-A5B4-249BCCD3C604}.Release|Mixed Platforms.ActiveCfg = Release|x86
		{A17EE7A5-3A05-4CAB-A5B4-249BCCD3C604}.Release|Mixed Platforms.Build.0 = Release|x86
		{A17EE7A5-3A05-4CAB-A5B4-249BCCD3C604}.Release|Win32.ActiveCfg = Release|x86
		{A17EE7A5-3A05-4CAB-A5B4-249BCCD3C604}.Release|Win32.Build.0 = Release|x86
		{A17EE7A5-3A05-4CAB-A5B4-249BCCD3C604}.Release|x64.ActiveCfg = Release|x64
		{A17EE7A5-3A05-4CAB-A5B4-249BCCD3C604}.Release|x64.Build.0 = Release|x64
		{A17EE7A5-3A05-4CAB-A5B4-249BCCD3C604}.Release|x86.ActiveCfg = Release|x86
		{A17EE7A5-3A05-4CAB-A5B4-249BCCD3C604}.Release|x86.Build.0 = Release|x86
		{A17EE7A5-3A05-4CAB-A5B4-249BCCD3C604}.Simulation|Any CPU.ActiveCfg = Simulation|x64
		{A17EE7A5-3A05-4CAB-A5B4-249BCCD3C604}.Simulation|Any CPU.Build.0 = Simulation|x64
		{A17EE7A5-3A05-4CAB-A5B4-249BCCD3C604}.Simulation|Mixed Platforms.ActiveCfg = Simulation|x86
		{A17EE7A5-3A05-4CAB-A5B4-249BCCD3C604}.Simulation|Mixed Platforms.Build.0 = Simulation|x86
		{A17EE7A5-3A05-4CAB-A5B4-249BCCD3C604}.Simulation|Win32.ActiveCfg = Simulation|x86
		{A17EE7A5-3A05-4CAB-A5B4-249BCCD3C604}.Simulation|Win32.Build.0 = Simulation|x86
		{A17EE7A5-3A05-4CAB-A5B4-249BCCD3C604}.Simulation|x64.ActiveCfg = Simulation|x64
		{A17EE7A5-3A05-4CAB-A5B4-249BCCD3C604}.Simulation|x64.Build.0 = Simulation|x64
		{A17EE7A5-3A05-4CAB-A5B4-249BCCD3C604}.Simulation|x86.ActiveCfg = Simulation|x86
		{A17EE7A5-3A05-4CAB-A5B4-249BCCD3C604}.Simulation|x86.Build.0 = Simulation|x86
		{8B85A998-9E96-4AEA-8358-392CB8440ABE}.Debug|Any CPU.ActiveCfg = Simulation|x64
		{8B85A998-9E96-4AEA-8358-392CB8440ABE}.Debug|Any CPU.Build.0 = Simulation|x64
		{8B85A998-9E96-4AEA-8358-392CB8440ABE}.Debug|Mixed Platforms.ActiveCfg = Debug|x86
		{8B85A998-9E96-4AEA-8358-392CB8440ABE}.Debug|Mixed Platforms.Build.0 = Debug|x86
		{8B85A998-9E96-4AEA-8358-392CB8440ABE}.Debug|Win32.ActiveCfg = Debug|x86
		{8B85A998-9E96-4AEA-8358-392CB8440ABE}.Debug|Win32.Build.0 = Debug|x86
		{8B85A998-9E96-4AEA-8358-392CB8440ABE}.Debug|x64.ActiveCfg = Debug|x64
		{8B85A998-9E96-4AEA-8358-392CB8440ABE}.Debug|x64.Build.0 = Debug|x64
		{8B85A998-9E96-4AEA-8358-392CB8440ABE}.Debug|x86.ActiveCfg = Debug|x86
		{8B85A998-9E96-4AEA-8358-392CB8440ABE}.Debug|x86.Build.0 = Debug|x86
		{8B85A998-9E96-4AEA-8358-392CB8440ABE}.Distribution|Any CPU.ActiveCfg = Distribution|x64
		{8B85A998-9E96-4AEA-8358-392CB8440ABE}.Distribution|Any CPU.Build.0 = Distribution|x64
		{8B85A998-9E96-4AEA-8358-392CB8440ABE}.Distribution|Mixed Platforms.ActiveCfg = Distribution|x86
		{8B85A998-9E96-4AEA-8358-392CB8440ABE}.Distribution|Mixed Platforms.Build.0 = Distribution|x86
		{8B85A998-9E96-4AEA-8358-392CB8440ABE}.Distribution|Win32.ActiveCfg = Distribution|x86
		{8B85A998-9E96-4AEA-8358-392CB8440ABE}.Distribution|Win32.Build.0 = Distribution|x86
		{8B85A998-9E96-4AEA-8358-392CB8440ABE}.Distribution|x64.ActiveCfg = Distribution|x64
		{8B85A998-9E96-4AEA-8358-392CB8440ABE}.Distribution|x64.Build.0 = Distribution|x64
		{8B85A998-9E96-4AEA-8358-392CB8440ABE}.Distribution|x86.ActiveCfg = Distribution|x86
		{8B85A998-9E96-4AEA-8358-392CB8440ABE}.Distribution|x86.Build.0 = Distribution|x86
		{8B85A998-9E96-4AEA-8358-392CB8440ABE}.Linux Distribution|Any CPU.ActiveCfg = Distribution|Any CPU
		{8B85A998-9E96-4AEA-8358-392CB8440ABE}.Linux Distribution|Any CPU.Build.0 = Distribution|Any CPU
		{8B85A998-9E96-4AEA-8358-392CB8440ABE}.Linux Distribution|Mixed Platforms.ActiveCfg = Distribution|x86
		{8B85A998-9E96-4AEA-8358-392CB8440ABE}.Linux Distribution|Mixed Platforms.Build.0 = Distribution|x86
		{8B85A998-9E96-4AEA-8358-392CB8440ABE}.Linux Distribution|Win32.ActiveCfg = Distribution|x86
		{8B85A998-9E96-4AEA-8358-392CB8440ABE}.Linux Distribution|x64.ActiveCfg = Distribution|x64
		{8B85A998-9E96-4AEA-8358-392CB8440ABE}.Linux Distribution|x64.Build.0 = Distribution|x64
		{8B85A998-9E96-4AEA-8358-392CB8440ABE}.Linux Distribution|x86.ActiveCfg = Distribution|x86
		{8B85A998-9E96-4AEA-8358-392CB8440ABE}.Linux Distribution|x86.Build.0 = Distribution|x86
		{8B85A998-9E96-4AEA-8358-392CB8440ABE}.Linux|Any CPU.ActiveCfg = Linux|Any CPU
		{8B85A998-9E96-4AEA-8358-392CB8440ABE}.Linux|Any CPU.Build.0 = Linux|Any CPU
		{8B85A998-9E96-4AEA-8358-392CB8440ABE}.Linux|Mixed Platforms.ActiveCfg = Linux|x86
		{8B85A998-9E96-4AEA-8358-392CB8440ABE}.Linux|Mixed Platforms.Build.0 = Linux|x86
		{8B85A998-9E96-4AEA-8358-392CB8440ABE}.Linux|Win32.ActiveCfg = Linux|x86
		{8B85A998-9E96-4AEA-8358-392CB8440ABE}.Linux|x64.ActiveCfg = Linux|x64
		{8B85A998-9E96-4AEA-8358-392CB8440ABE}.Linux|x64.Build.0 = Linux|x64
		{8B85A998-9E96-4AEA-8358-392CB8440ABE}.Linux|x86.ActiveCfg = Linux|x86
		{8B85A998-9E96-4AEA-8358-392CB8440ABE}.Linux|x86.Build.0 = Linux|x86
		{8B85A998-9E96-4AEA-8358-392CB8440ABE}.Release|Any CPU.ActiveCfg = Release|x64
		{8B85A998-9E96-4AEA-8358-392CB8440ABE}.Release|Any CPU.Build.0 = Release|x64
		{8B85A998-9E96-4AEA-8358-392CB8440ABE}.Release|Mixed Platforms.ActiveCfg = Release|x86
		{8B85A998-9E96-4AEA-8358-392CB8440ABE}.Release|Mixed Platforms.Build.0 = Release|x86
		{8B85A998-9E96-4AEA-8358-392CB8440ABE}.Release|Win32.ActiveCfg = Release|x86
		{8B85A998-9E96-4AEA-8358-392CB8440ABE}.Release|Win32.Build.0 = Release|x86
		{8B85A998-9E96-4AEA-8358-392CB8440ABE}.Release|x64.ActiveCfg = Release|x64
		{8B85A998-9E96-4AEA-8358-392CB8440ABE}.Release|x64.Build.0 = Release|x64
		{8B85A998-9E96-4AEA-8358-392CB8440ABE}.Release|x86.ActiveCfg = Release|x86
		{8B85A998-9E96-4AEA-8358-392CB8440ABE}.Release|x86.Build.0 = Release|x86
		{8B85A998-9E96-4AEA-8358-392CB8440ABE}.Simulation|Any CPU.ActiveCfg = Simulation|x64
		{8B85A998-9E96-4AEA-8358-392CB8440ABE}.Simulation|Any CPU.Build.0 = Simulation|x64
		{8B85A998-9E96-4AEA-8358-392CB8440ABE}.Simulation|Mixed Platforms.ActiveCfg = Simulation|x86
		{8B85A998-9E96-4AEA-8358-392CB8440ABE}.Simulation|Mixed Platforms.Build.0 = Simulation|x86
		{8B85A998-9E96-4AEA-8358-392CB8440ABE}.Simulation|Win32.ActiveCfg = Simulation|x86
		{8B85A998-9E96-4AEA-8358-392CB8440ABE}.Simulation|Win32.Build.0 = Simulation|x86
		{8B85A998-9E96-4AEA-8358-392CB8440ABE}.Simulation|x64.ActiveCfg = Simulation|x64
		{8B85A998-9E96-4AEA-8358-392CB8440ABE}.Simulation|x64.Build.0 = Simulation|x64
		{8B85A998-9E96-4AEA-8358-392CB8440ABE}.Simulation|x86.ActiveCfg = Simulation|x86
		{8B85A998-9E96-4AEA-8358-392CB8440ABE}.Simulation|x86.Build.0 = Simulation|x86
		{2BAFA19D-4AFB-4909-BFD5-19F26A570955}.Debug|Any CPU.ActiveCfg = Simulation|x64
		{2BAFA19D-4AFB-4909-BFD5-19F26A570955}.Debug|Any CPU.Build.0 = Simulation|x64
		{2BAFA19D-4AFB-4909-BFD5-19F26A570955}.Debug|Mixed Platforms.ActiveCfg = Debug|x64
		{2BAFA19D-4AFB-4909-BFD5-19F26A570955}.Debug|Mixed Platforms.Build.0 = Debug|x64
		{2BAFA19D-4AFB-4909-BFD5-19F26A570955}.Debug|Win32.ActiveCfg = Debug|Win32
		{2BAFA19D-4AFB-4909-BFD5-19F26A570955}.Debug|Win32.Build.0 = Debug|Win32
		{2BAFA19D-4AFB-4909-BFD5-19F26A570955}.Debug|x64.ActiveCfg = Debug|x64
		{2BAFA19D-4AFB-4909-BFD5-19F26A570955}.Debug|x64.Build.0 = Debug|x64
		{2BAFA19D-4AFB-4909-BFD5-19F26A570955}.Debug|x86.ActiveCfg = Debug|Win32
		{2BAFA19D-4AFB-4909-BFD5-19F26A570955}.Debug|x86.Build.0 = Debug|Win32
		{2BAFA19D-4AFB-4909-BFD5-19F26A570955}.Distribution|Any CPU.ActiveCfg = Distribution|x64
		{2BAFA19D-4AFB-4909-BFD5-19F26A570955}.Distribution|Any CPU.Build.0 = Distribution|x64
		{2BAFA19D-4AFB-4909-BFD5-19F26A570955}.Distribution|Mixed Platforms.ActiveCfg = Distribution|x64
		{2BAFA19D-4AFB-4909-BFD5-19F26A570955}.Distribution|Mixed Platforms.Build.0 = Distribution|x64
		{2BAFA19D-4AFB-4909-BFD5-19F26A570955}.Distribution|Win32.ActiveCfg = Distribution|Win32
		{2BAFA19D-4AFB-4909-BFD5-19F26A570955}.Distribution|Win32.Build.0 = Distribution|Win32
		{2BAFA19D-4AFB-4909-BFD5-19F26A570955}.Distribution|x64.ActiveCfg = Distribution|x64
		{2BAFA19D-4AFB-4909-BFD5-19F26A570955}.Distribution|x64.Build.0 = Distribution|x64
		{2BAFA19D-4AFB-4909-BFD5-19F26A570955}.Distribution|x86.ActiveCfg = Distribution|Win32
		{2BAFA19D-4AFB-4909-BFD5-19F26A570955}.Distribution|x86.Build.0 = Distribution|Win32
		{2BAFA19D-4AFB-4909-BFD5-19F26A570955}.Linux Distribution|Any CPU.ActiveCfg = Distribution|x64
		{2BAFA19D-4AFB-4909-BFD5-19F26A570955}.Linux Distribution|Mixed Platforms.ActiveCfg = Distribution|x64
		{2BAFA19D-4AFB-4909-BFD5-19F26A570955}.Linux Distribution|Mixed Platforms.Build.0 = Distribution|x64
		{2BAFA19D-4AFB-4909-BFD5-19F26A570955}.Linux Distribution|Win32.ActiveCfg = Distribution|Win32
		{2BAFA19D-4AFB-4909-BFD5-19F26A570955}.Linux Distribution|Win32.Build.0 = Distribution|Win32
		{2BAFA19D-4AFB-4909-BFD5-19F26A570955}.Linux Distribution|x64.ActiveCfg = Distribution|x64
		{2BAFA19D-4AFB-4909-BFD5-19F26A570955}.Linux Distribution|x64.Build.0 = Distribution|x64
		{2BAFA19D-4AFB-4909-BFD5-19F26A570955}.Linux Distribution|x86.ActiveCfg = Distribution|x64
		{2BAFA19D-4AFB-4909-BFD5-19F26A570955}.Linux|Any CPU.ActiveCfg = Simulation|x64
		{2BAFA19D-4AFB-4909-BFD5-19F26A570955}.Linux|Mixed Platforms.ActiveCfg = Azure-Release|x64
		{2BAFA19D-4AFB-4909-BFD5-19F26A570955}.Linux|Mixed Platforms.Build.0 = Azure-Release|x64
		{2BAFA19D-4AFB-4909-BFD5-19F26A570955}.Linux|Win32.ActiveCfg = Simulation|x64
		{2BAFA19D-4AFB-4909-BFD5-19F26A570955}.Linux|x64.ActiveCfg = Simulation|x64
		{2BAFA19D-4AFB-4909-BFD5-19F26A570955}.Linux|x64.Build.0 = Simulation|x64
		{2BAFA19D-4AFB-4909-BFD5-19F26A570955}.Linux|x86.ActiveCfg = Simulation|x64
		{2BAFA19D-4AFB-4909-BFD5-19F26A570955}.Release|Any CPU.ActiveCfg = Release|x64
		{2BAFA19D-4AFB-4909-BFD5-19F26A570955}.Release|Any CPU.Build.0 = Release|x64
		{2BAFA19D-4AFB-4909-BFD5-19F26A570955}.Release|Mixed Platforms.ActiveCfg = Release|x64
		{2BAFA19D-4AFB-4909-BFD5-19F26A570955}.Release|Mixed Platforms.Build.0 = Release|x64
		{2BAFA19D-4AFB-4909-BFD5-19F26A570955}.Release|Win32.ActiveCfg = Release|Win32
		{2BAFA19D-4AFB-4909-BFD5-19F26A570955}.Release|Win32.Build.0 = Release|Win32
		{2BAFA19D-4AFB-4909-BFD5-19F26A570955}.Release|x64.ActiveCfg = Release|x64
		{2BAFA19D-4AFB-4909-BFD5-19F26A570955}.Release|x64.Build.0 = Release|x64
		{2BAFA19D-4AFB-4909-BFD5-19F26A570955}.Release|x86.ActiveCfg = Release|Win32
		{2BAFA19D-4AFB-4909-BFD5-19F26A570955}.Release|x86.Build.0 = Release|Win32
		{2BAFA19D-4AFB-4909-BFD5-19F26A570955}.Simulation|Any CPU.ActiveCfg = Simulation|x64
		{2BAFA19D-4AFB-4909-BFD5-19F26A570955}.Simulation|Any CPU.Build.0 = Simulation|x64
		{2BAFA19D-4AFB-4909-BFD5-19F26A570955}.Simulation|Mixed Platforms.ActiveCfg = Simulation|x64
		{2BAFA19D-4AFB-4909-BFD5-19F26A570955}.Simulation|Mixed Platforms.Build.0 = Simulation|x64
		{2BAFA19D-4AFB-4909-BFD5-19F26A570955}.Simulation|Win32.ActiveCfg = Simulation|Win32
		{2BAFA19D-4AFB-4909-BFD5-19F26A570955}.Simulation|Win32.Build.0 = Simulation|Win32
		{2BAFA19D-4AFB-4909-BFD5-19F26A570955}.Simulation|x64.ActiveCfg = Simulation|x64
		{2BAFA19D-4AFB-4909-BFD5-19F26A570955}.Simulation|x64.Build.0 = Simulation|x64
		{2BAFA19D-4AFB-4909-BFD5-19F26A570955}.Simulation|x86.ActiveCfg = Simulation|Win32
		{2BAFA19D-4AFB-4909-BFD5-19F26A570955}.Simulation|x86.Build.0 = Simulation|Win32
		{9FE2D3E9-8C80-4AD0-AE11-E98CC6D790E7}.Debug|Any CPU.ActiveCfg = Simulation|x64
		{9FE2D3E9-8C80-4AD0-AE11-E98CC6D790E7}.Debug|Any CPU.Build.0 = Simulation|x64
		{9FE2D3E9-8C80-4AD0-AE11-E98CC6D790E7}.Debug|Mixed Platforms.ActiveCfg = Debug|x86
		{9FE2D3E9-8C80-4AD0-AE11-E98CC6D790E7}.Debug|Mixed Platforms.Build.0 = Debug|x86
		{9FE2D3E9-8C80-4AD0-AE11-E98CC6D790E7}.Debug|Win32.ActiveCfg = Debug|x86
		{9FE2D3E9-8C80-4AD0-AE11-E98CC6D790E7}.Debug|Win32.Build.0 = Debug|x86
		{9FE2D3E9-8C80-4AD0-AE11-E98CC6D790E7}.Debug|x64.ActiveCfg = Debug|x64
		{9FE2D3E9-8C80-4AD0-AE11-E98CC6D790E7}.Debug|x64.Build.0 = Debug|x64
		{9FE2D3E9-8C80-4AD0-AE11-E98CC6D790E7}.Debug|x86.ActiveCfg = Debug|x86
		{9FE2D3E9-8C80-4AD0-AE11-E98CC6D790E7}.Debug|x86.Build.0 = Debug|x86
		{9FE2D3E9-8C80-4AD0-AE11-E98CC6D790E7}.Distribution|Any CPU.ActiveCfg = Distribution|x64
		{9FE2D3E9-8C80-4AD0-AE11-E98CC6D790E7}.Distribution|Any CPU.Build.0 = Distribution|x64
		{9FE2D3E9-8C80-4AD0-AE11-E98CC6D790E7}.Distribution|Mixed Platforms.ActiveCfg = Distribution|x86
		{9FE2D3E9-8C80-4AD0-AE11-E98CC6D790E7}.Distribution|Mixed Platforms.Build.0 = Distribution|x86
		{9FE2D3E9-8C80-4AD0-AE11-E98CC6D790E7}.Distribution|Win32.ActiveCfg = Distribution|x86
		{9FE2D3E9-8C80-4AD0-AE11-E98CC6D790E7}.Distribution|Win32.Build.0 = Distribution|x86
		{9FE2D3E9-8C80-4AD0-AE11-E98CC6D790E7}.Distribution|x64.ActiveCfg = Distribution|x64
		{9FE2D3E9-8C80-4AD0-AE11-E98CC6D790E7}.Distribution|x64.Build.0 = Distribution|x64
		{9FE2D3E9-8C80-4AD0-AE11-E98CC6D790E7}.Distribution|x86.ActiveCfg = Distribution|x86
		{9FE2D3E9-8C80-4AD0-AE11-E98CC6D790E7}.Distribution|x86.Build.0 = Distribution|x86
		{9FE2D3E9-8C80-4AD0-AE11-E98CC6D790E7}.Linux Distribution|Any CPU.ActiveCfg = Distribution|Any CPU
		{9FE2D3E9-8C80-4AD0-AE11-E98CC6D790E7}.Linux Distribution|Any CPU.Build.0 = Distribution|Any CPU
		{9FE2D3E9-8C80-4AD0-AE11-E98CC6D790E7}.Linux Distribution|Mixed Platforms.ActiveCfg = Distribution|x86
		{9FE2D3E9-8C80-4AD0-AE11-E98CC6D790E7}.Linux Distribution|Mixed Platforms.Build.0 = Distribution|x86
		{9FE2D3E9-8C80-4AD0-AE11-E98CC6D790E7}.Linux Distribution|Win32.ActiveCfg = Distribution|x86
		{9FE2D3E9-8C80-4AD0-AE11-E98CC6D790E7}.Linux Distribution|x64.ActiveCfg = Distribution|x64
		{9FE2D3E9-8C80-4AD0-AE11-E98CC6D790E7}.Linux Distribution|x64.Build.0 = Distribution|x64
		{9FE2D3E9-8C80-4AD0-AE11-E98CC6D790E7}.Linux Distribution|x86.ActiveCfg = Distribution|x86
		{9FE2D3E9-8C80-4AD0-AE11-E98CC6D790E7}.Linux Distribution|x86.Build.0 = Distribution|x86
		{9FE2D3E9-8C80-4AD0-AE11-E98CC6D790E7}.Linux|Any CPU.ActiveCfg = Simulation|x86
		{9FE2D3E9-8C80-4AD0-AE11-E98CC6D790E7}.Linux|Mixed Platforms.ActiveCfg = Azure-Release|x86
		{9FE2D3E9-8C80-4AD0-AE11-E98CC6D790E7}.Linux|Mixed Platforms.Build.0 = Azure-Release|x86
		{9FE2D3E9-8C80-4AD0-AE11-E98CC6D790E7}.Linux|Win32.ActiveCfg = Simulation|x86
		{9FE2D3E9-8C80-4AD0-AE11-E98CC6D790E7}.Linux|x64.ActiveCfg = Simulation|x86
		{9FE2D3E9-8C80-4AD0-AE11-E98CC6D790E7}.Linux|x86.ActiveCfg = Simulation|x86
		{9FE2D3E9-8C80-4AD0-AE11-E98CC6D790E7}.Linux|x86.Build.0 = Simulation|x86
		{9FE2D3E9-8C80-4AD0-AE11-E98CC6D790E7}.Release|Any CPU.ActiveCfg = Release|x64
		{9FE2D3E9-8C80-4AD0-AE11-E98CC6D790E7}.Release|Any CPU.Build.0 = Release|x64
		{9FE2D3E9-8C80-4AD0-AE11-E98CC6D790E7}.Release|Mixed Platforms.ActiveCfg = Release|x86
		{9FE2D3E9-8C80-4AD0-AE11-E98CC6D790E7}.Release|Mixed Platforms.Build.0 = Release|x86
		{9FE2D3E9-8C80-4AD0-AE11-E98CC6D790E7}.Release|Win32.ActiveCfg = Release|x86
		{9FE2D3E9-8C80-4AD0-AE11-E98CC6D790E7}.Release|Win32.Build.0 = Release|x86
		{9FE2D3E9-8C80-4AD0-AE11-E98CC6D790E7}.Release|x64.ActiveCfg = Release|x64
		{9FE2D3E9-8C80-4AD0-AE11-E98CC6D790E7}.Release|x64.Build.0 = Release|x64
		{9FE2D3E9-8C80-4AD0-AE11-E98CC6D790E7}.Release|x86.ActiveCfg = Release|x86
		{9FE2D3E9-8C80-4AD0-AE11-E98CC6D790E7}.Release|x86.Build.0 = Release|x86
		{9FE2D3E9-8C80-4AD0-AE11-E98CC6D790E7}.Simulation|Any CPU.ActiveCfg = Simulation|x64
		{9FE2D3E9-8C80-4AD0-AE11-E98CC6D790E7}.Simulation|Any CPU.Build.0 = Simulation|x64
		{9FE2D3E9-8C80-4AD0-AE11-E98CC6D790E7}.Simulation|Mixed Platforms.ActiveCfg = Simulation|x86
		{9FE2D3E9-8C80-4AD0-AE11-E98CC6D790E7}.Simulation|Mixed Platforms.Build.0 = Simulation|x86
		{9FE2D3E9-8C80-4AD0-AE11-E98CC6D790E7}.Simulation|Win32.ActiveCfg = Simulation|x86
		{9FE2D3E9-8C80-4AD0-AE11-E98CC6D790E7}.Simulation|Win32.Build.0 = Simulation|x86
		{9FE2D3E9-8C80-4AD0-AE11-E98CC6D790E7}.Simulation|x64.ActiveCfg = Simulation|x64
		{9FE2D3E9-8C80-4AD0-AE11-E98CC6D790E7}.Simulation|x64.Build.0 = Simulation|x64
		{9FE2D3E9-8C80-4AD0-AE11-E98CC6D790E7}.Simulation|x86.ActiveCfg = Simulation|x86
		{9FE2D3E9-8C80-4AD0-AE11-E98CC6D790E7}.Simulation|x86.Build.0 = Simulation|x86
		{26D7B6AB-2E7D-4666-8B25-90F25F1589E5}.Debug|Any CPU.ActiveCfg = Simulation|x64
		{26D7B6AB-2E7D-4666-8B25-90F25F1589E5}.Debug|Any CPU.Build.0 = Simulation|x64
		{26D7B6AB-2E7D-4666-8B25-90F25F1589E5}.Debug|Mixed Platforms.ActiveCfg = Debug|x86
		{26D7B6AB-2E7D-4666-8B25-90F25F1589E5}.Debug|Mixed Platforms.Build.0 = Debug|x86
		{26D7B6AB-2E7D-4666-8B25-90F25F1589E5}.Debug|Win32.ActiveCfg = Debug|x86
		{26D7B6AB-2E7D-4666-8B25-90F25F1589E5}.Debug|Win32.Build.0 = Debug|x86
		{26D7B6AB-2E7D-4666-8B25-90F25F1589E5}.Debug|x64.ActiveCfg = Debug|x64
		{26D7B6AB-2E7D-4666-8B25-90F25F1589E5}.Debug|x64.Build.0 = Debug|x64
		{26D7B6AB-2E7D-4666-8B25-90F25F1589E5}.Debug|x86.ActiveCfg = Debug|x86
		{26D7B6AB-2E7D-4666-8B25-90F25F1589E5}.Debug|x86.Build.0 = Debug|x86
		{26D7B6AB-2E7D-4666-8B25-90F25F1589E5}.Distribution|Any CPU.ActiveCfg = Distribution|x64
		{26D7B6AB-2E7D-4666-8B25-90F25F1589E5}.Distribution|Any CPU.Build.0 = Distribution|x64
		{26D7B6AB-2E7D-4666-8B25-90F25F1589E5}.Distribution|Mixed Platforms.ActiveCfg = Distribution|x86
		{26D7B6AB-2E7D-4666-8B25-90F25F1589E5}.Distribution|Mixed Platforms.Build.0 = Distribution|x86
		{26D7B6AB-2E7D-4666-8B25-90F25F1589E5}.Distribution|Win32.ActiveCfg = Distribution|x86
		{26D7B6AB-2E7D-4666-8B25-90F25F1589E5}.Distribution|Win32.Build.0 = Distribution|x86
		{26D7B6AB-2E7D-4666-8B25-90F25F1589E5}.Distribution|x64.ActiveCfg = Distribution|x64
		{26D7B6AB-2E7D-4666-8B25-90F25F1589E5}.Distribution|x64.Build.0 = Distribution|x64
		{26D7B6AB-2E7D-4666-8B25-90F25F1589E5}.Distribution|x86.ActiveCfg = Distribution|x86
		{26D7B6AB-2E7D-4666-8B25-90F25F1589E5}.Distribution|x86.Build.0 = Distribution|x86
		{26D7B6AB-2E7D-4666-8B25-90F25F1589E5}.Linux Distribution|Any CPU.ActiveCfg = Linux Distribution|Any CPU
		{26D7B6AB-2E7D-4666-8B25-90F25F1589E5}.Linux Distribution|Any CPU.Build.0 = Linux Distribution|Any CPU
		{26D7B6AB-2E7D-4666-8B25-90F25F1589E5}.Linux Distribution|Mixed Platforms.ActiveCfg = Linux Distribution|x86
		{26D7B6AB-2E7D-4666-8B25-90F25F1589E5}.Linux Distribution|Mixed Platforms.Build.0 = Linux Distribution|x86
		{26D7B6AB-2E7D-4666-8B25-90F25F1589E5}.Linux Distribution|Win32.ActiveCfg = Linux Distribution|x86
		{26D7B6AB-2E7D-4666-8B25-90F25F1589E5}.Linux Distribution|x64.ActiveCfg = Linux Distribution|x64
		{26D7B6AB-2E7D-4666-8B25-90F25F1589E5}.Linux Distribution|x64.Build.0 = Linux Distribution|x64
		{26D7B6AB-2E7D-4666-8B25-90F25F1589E5}.Linux Distribution|x86.ActiveCfg = Linux Distribution|x86
		{26D7B6AB-2E7D-4666-8B25-90F25F1589E5}.Linux Distribution|x86.Build.0 = Linux Distribution|x86
		{26D7B6AB-2E7D-4666-8B25-90F25F1589E5}.Linux|Any CPU.ActiveCfg = Linux|Any CPU
		{26D7B6AB-2E7D-4666-8B25-90F25F1589E5}.Linux|Any CPU.Build.0 = Linux|Any CPU
		{26D7B6AB-2E7D-4666-8B25-90F25F1589E5}.Linux|Mixed Platforms.ActiveCfg = Linux|x86
		{26D7B6AB-2E7D-4666-8B25-90F25F1589E5}.Linux|Mixed Platforms.Build.0 = Linux|x86
		{26D7B6AB-2E7D-4666-8B25-90F25F1589E5}.Linux|Win32.ActiveCfg = Linux|x86
		{26D7B6AB-2E7D-4666-8B25-90F25F1589E5}.Linux|x64.ActiveCfg = Linux|x64
		{26D7B6AB-2E7D-4666-8B25-90F25F1589E5}.Linux|x64.Build.0 = Linux|x64
		{26D7B6AB-2E7D-4666-8B25-90F25F1589E5}.Linux|x86.ActiveCfg = Linux|x86
		{26D7B6AB-2E7D-4666-8B25-90F25F1589E5}.Linux|x86.Build.0 = Linux|x86
		{26D7B6AB-2E7D-4666-8B25-90F25F1589E5}.Release|Any CPU.ActiveCfg = Release|x64
		{26D7B6AB-2E7D-4666-8B25-90F25F1589E5}.Release|Any CPU.Build.0 = Release|x64
		{26D7B6AB-2E7D-4666-8B25-90F25F1589E5}.Release|Mixed Platforms.ActiveCfg = Release|x86
		{26D7B6AB-2E7D-4666-8B25-90F25F1589E5}.Release|Mixed Platforms.Build.0 = Release|x86
		{26D7B6AB-2E7D-4666-8B25-90F25F1589E5}.Release|Win32.ActiveCfg = Release|x86
		{26D7B6AB-2E7D-4666-8B25-90F25F1589E5}.Release|Win32.Build.0 = Release|x86
		{26D7B6AB-2E7D-4666-8B25-90F25F1589E5}.Release|x64.ActiveCfg = Release|x64
		{26D7B6AB-2E7D-4666-8B25-90F25F1589E5}.Release|x64.Build.0 = Release|x64
		{26D7B6AB-2E7D-4666-8B25-90F25F1589E5}.Release|x86.ActiveCfg = Release|x86
		{26D7B6AB-2E7D-4666-8B25-90F25F1589E5}.Release|x86.Build.0 = Release|x86
		{26D7B6AB-2E7D-4666-8B25-90F25F1589E5}.Simulation|Any CPU.ActiveCfg = Simulation|x64
		{26D7B6AB-2E7D-4666-8B25-90F25F1589E5}.Simulation|Any CPU.Build.0 = Simulation|x64
		{26D7B6AB-2E7D-4666-8B25-90F25F1589E5}.Simulation|Mixed Platforms.ActiveCfg = Simulation|x86
		{26D7B6AB-2E7D-4666-8B25-90F25F1589E5}.Simulation|Mixed Platforms.Build.0 = Simulation|x86
		{26D7B6AB-2E7D-4666-8B25-90F25F1589E5}.Simulation|Win32.ActiveCfg = Simulation|x86
		{26D7B6AB-2E7D-4666-8B25-90F25F1589E5}.Simulation|Win32.Build.0 = Simulation|x86
		{26D7B6AB-2E7D-4666-8B25-90F25F1589E5}.Simulation|x64.ActiveCfg = Simulation|x64
		{26D7B6AB-2E7D-4666-8B25-90F25F1589E5}.Simulation|x64.Build.0 = Simulation|x64
		{26D7B6AB-2E7D-4666-8B25-90F25F1589E5}.Simulation|x86.ActiveCfg = Simulation|x86
		{26D7B6AB-2E7D-4666-8B25-90F25F1589E5}.Simulation|x86.Build.0 = Simulation|x86
		{C4456705-9A3C-4C7E-B7EA-D86BEC379D68}.Debug|Any CPU.ActiveCfg = Debug|Win32
		{C4456705-9A3C-4C7E-B7EA-D86BEC379D68}.Debug|Mixed Platforms.ActiveCfg = Debug|Win32
		{C4456705-9A3C-4C7E-B7EA-D86BEC379D68}.Debug|Mixed Platforms.Build.0 = Debug|Win32
		{C4456705-9A3C-4C7E-B7EA-D86BEC379D68}.Debug|Win32.ActiveCfg = Debug|Win32
		{C4456705-9A3C-4C7E-B7EA-D86BEC379D68}.Debug|Win32.Build.0 = Debug|Win32
		{C4456705-9A3C-4C7E-B7EA-D86BEC379D68}.Debug|x64.ActiveCfg = Debug|Win32
		{C4456705-9A3C-4C7E-B7EA-D86BEC379D68}.Debug|x86.ActiveCfg = Debug|Win32
		{C4456705-9A3C-4C7E-B7EA-D86BEC379D68}.Distribution|Any CPU.ActiveCfg = Debug|Win32
		{C4456705-9A3C-4C7E-B7EA-D86BEC379D68}.Distribution|Mixed Platforms.ActiveCfg = Debug|Win32
		{C4456705-9A3C-4C7E-B7EA-D86BEC379D68}.Distribution|Mixed Platforms.Build.0 = Debug|Win32
		{C4456705-9A3C-4C7E-B7EA-D86BEC379D68}.Distribution|Win32.ActiveCfg = Debug|Win32
		{C4456705-9A3C-4C7E-B7EA-D86BEC379D68}.Distribution|Win32.Build.0 = Debug|Win32
		{C4456705-9A3C-4C7E-B7EA-D86BEC379D68}.Distribution|x64.ActiveCfg = Debug|Win32
		{C4456705-9A3C-4C7E-B7EA-D86BEC379D68}.Distribution|x86.ActiveCfg = Debug|Win32
		{C4456705-9A3C-4C7E-B7EA-D86BEC379D68}.Linux Distribution|Any CPU.ActiveCfg = Release|Win32
		{C4456705-9A3C-4C7E-B7EA-D86BEC379D68}.Linux Distribution|Mixed Platforms.ActiveCfg = Release|Win32
		{C4456705-9A3C-4C7E-B7EA-D86BEC379D68}.Linux Distribution|Mixed Platforms.Build.0 = Release|Win32
		{C4456705-9A3C-4C7E-B7EA-D86BEC379D68}.Linux Distribution|Win32.ActiveCfg = Release|Win32
		{C4456705-9A3C-4C7E-B7EA-D86BEC379D68}.Linux Distribution|Win32.Build.0 = Release|Win32
		{C4456705-9A3C-4C7E-B7EA-D86BEC379D68}.Linux Distribution|x64.ActiveCfg = Release|Win32
		{C4456705-9A3C-4C7E-B7EA-D86BEC379D68}.Linux Distribution|x86.ActiveCfg = Release|Win32
		{C4456705-9A3C-4C7E-B7EA-D86BEC379D68}.Linux|Any CPU.ActiveCfg = Release|Win32
		{C4456705-9A3C-4C7E-B7EA-D86BEC379D68}.Linux|Mixed Platforms.ActiveCfg = Release|Win32
		{C4456705-9A3C-4C7E-B7EA-D86BEC379D68}.Linux|Mixed Platforms.Build.0 = Release|Win32
		{C4456705-9A3C-4C7E-B7EA-D86BEC379D68}.Linux|Win32.ActiveCfg = Release|Win32
		{C4456705-9A3C-4C7E-B7EA-D86BEC379D68}.Linux|Win32.Build.0 = Release|Win32
		{C4456705-9A3C-4C7E-B7EA-D86BEC379D68}.Linux|x64.ActiveCfg = Release|Win32
		{C4456705-9A3C-4C7E-B7EA-D86BEC379D68}.Linux|x86.ActiveCfg = Release|Win32
		{C4456705-9A3C-4C7E-B7EA-D86BEC379D68}.Release|Any CPU.ActiveCfg = Release|Win32
		{C4456705-9A3C-4C7E-B7EA-D86BEC379D68}.Release|Mixed Platforms.ActiveCfg = Release|Win32
		{C4456705-9A3C-4C7E-B7EA-D86BEC379D68}.Release|Mixed Platforms.Build.0 = Release|Win32
		{C4456705-9A3C-4C7E-B7EA-D86BEC379D68}.Release|Win32.ActiveCfg = Release|Win32
		{C4456705-9A3C-4C7E-B7EA-D86BEC379D68}.Release|Win32.Build.0 = Release|Win32
		{C4456705-9A3C-4C7E-B7EA-D86BEC379D68}.Release|x64.ActiveCfg = Release|Win32
		{C4456705-9A3C-4C7E-B7EA-D86BEC379D68}.Release|x86.ActiveCfg = Release|Win32
		{C4456705-9A3C-4C7E-B7EA-D86BEC379D68}.Simulation|Any CPU.ActiveCfg = Release|Win32
		{C4456705-9A3C-4C7E-B7EA-D86BEC379D68}.Simulation|Mixed Platforms.ActiveCfg = Release|Win32
		{C4456705-9A3C-4C7E-B7EA-D86BEC379D68}.Simulation|Mixed Platforms.Build.0 = Release|Win32
		{C4456705-9A3C-4C7E-B7EA-D86BEC379D68}.Simulation|Win32.ActiveCfg = Release|Win32
		{C4456705-9A3C-4C7E-B7EA-D86BEC379D68}.Simulation|Win32.Build.0 = Release|Win32
		{C4456705-9A3C-4C7E-B7EA-D86BEC379D68}.Simulation|x64.ActiveCfg = Release|Win32
		{C4456705-9A3C-4C7E-B7EA-D86BEC379D68}.Simulation|x86.ActiveCfg = Release|Win32
		{9E771EE5-10B0-49FF-8BFC-2787DC053211}.Debug|Any CPU.ActiveCfg = Debug|Any CPU
		{9E771EE5-10B0-49FF-8BFC-2787DC053211}.Debug|Any CPU.Build.0 = Debug|Any CPU
		{9E771EE5-10B0-49FF-8BFC-2787DC053211}.Debug|Mixed Platforms.ActiveCfg = Debug|Any CPU
		{9E771EE5-10B0-49FF-8BFC-2787DC053211}.Debug|Mixed Platforms.Build.0 = Debug|Any CPU
		{9E771EE5-10B0-49FF-8BFC-2787DC053211}.Debug|Win32.ActiveCfg = Debug|Any CPU
		{9E771EE5-10B0-49FF-8BFC-2787DC053211}.Debug|x64.ActiveCfg = Debug|Any CPU
		{9E771EE5-10B0-49FF-8BFC-2787DC053211}.Debug|x86.ActiveCfg = Debug|Any CPU
		{9E771EE5-10B0-49FF-8BFC-2787DC053211}.Distribution|Any CPU.ActiveCfg = Debug|Any CPU
		{9E771EE5-10B0-49FF-8BFC-2787DC053211}.Distribution|Any CPU.Build.0 = Debug|Any CPU
		{9E771EE5-10B0-49FF-8BFC-2787DC053211}.Distribution|Mixed Platforms.ActiveCfg = Debug|Any CPU
		{9E771EE5-10B0-49FF-8BFC-2787DC053211}.Distribution|Mixed Platforms.Build.0 = Debug|Any CPU
		{9E771EE5-10B0-49FF-8BFC-2787DC053211}.Distribution|Win32.ActiveCfg = Debug|Any CPU
		{9E771EE5-10B0-49FF-8BFC-2787DC053211}.Distribution|x64.ActiveCfg = Debug|Any CPU
		{9E771EE5-10B0-49FF-8BFC-2787DC053211}.Distribution|x86.ActiveCfg = Debug|Any CPU
		{9E771EE5-10B0-49FF-8BFC-2787DC053211}.Linux Distribution|Any CPU.ActiveCfg = Release|Any CPU
		{9E771EE5-10B0-49FF-8BFC-2787DC053211}.Linux Distribution|Any CPU.Build.0 = Release|Any CPU
		{9E771EE5-10B0-49FF-8BFC-2787DC053211}.Linux Distribution|Mixed Platforms.ActiveCfg = Release|Any CPU
		{9E771EE5-10B0-49FF-8BFC-2787DC053211}.Linux Distribution|Mixed Platforms.Build.0 = Release|Any CPU
		{9E771EE5-10B0-49FF-8BFC-2787DC053211}.Linux Distribution|Win32.ActiveCfg = Release|Any CPU
		{9E771EE5-10B0-49FF-8BFC-2787DC053211}.Linux Distribution|x64.ActiveCfg = Release|Any CPU
		{9E771EE5-10B0-49FF-8BFC-2787DC053211}.Linux Distribution|x86.ActiveCfg = Release|Any CPU
		{9E771EE5-10B0-49FF-8BFC-2787DC053211}.Linux|Any CPU.ActiveCfg = Release|Any CPU
		{9E771EE5-10B0-49FF-8BFC-2787DC053211}.Linux|Any CPU.Build.0 = Release|Any CPU
		{9E771EE5-10B0-49FF-8BFC-2787DC053211}.Linux|Mixed Platforms.ActiveCfg = Release|Any CPU
		{9E771EE5-10B0-49FF-8BFC-2787DC053211}.Linux|Mixed Platforms.Build.0 = Release|Any CPU
		{9E771EE5-10B0-49FF-8BFC-2787DC053211}.Linux|Win32.ActiveCfg = Release|Any CPU
		{9E771EE5-10B0-49FF-8BFC-2787DC053211}.Linux|x64.ActiveCfg = Release|Any CPU
		{9E771EE5-10B0-49FF-8BFC-2787DC053211}.Linux|x86.ActiveCfg = Release|Any CPU
		{9E771EE5-10B0-49FF-8BFC-2787DC053211}.Release|Any CPU.ActiveCfg = Release|Any CPU
		{9E771EE5-10B0-49FF-8BFC-2787DC053211}.Release|Any CPU.Build.0 = Release|Any CPU
		{9E771EE5-10B0-49FF-8BFC-2787DC053211}.Release|Mixed Platforms.ActiveCfg = Release|Any CPU
		{9E771EE5-10B0-49FF-8BFC-2787DC053211}.Release|Mixed Platforms.Build.0 = Release|Any CPU
		{9E771EE5-10B0-49FF-8BFC-2787DC053211}.Release|Win32.ActiveCfg = Release|Any CPU
		{9E771EE5-10B0-49FF-8BFC-2787DC053211}.Release|x64.ActiveCfg = Release|Any CPU
		{9E771EE5-10B0-49FF-8BFC-2787DC053211}.Release|x86.ActiveCfg = Release|Any CPU
		{9E771EE5-10B0-49FF-8BFC-2787DC053211}.Simulation|Any CPU.ActiveCfg = Release|Any CPU
		{9E771EE5-10B0-49FF-8BFC-2787DC053211}.Simulation|Any CPU.Build.0 = Release|Any CPU
		{9E771EE5-10B0-49FF-8BFC-2787DC053211}.Simulation|Mixed Platforms.ActiveCfg = Release|Any CPU
		{9E771EE5-10B0-49FF-8BFC-2787DC053211}.Simulation|Mixed Platforms.Build.0 = Release|Any CPU
		{9E771EE5-10B0-49FF-8BFC-2787DC053211}.Simulation|Win32.ActiveCfg = Release|Any CPU
		{9E771EE5-10B0-49FF-8BFC-2787DC053211}.Simulation|x64.ActiveCfg = Release|Any CPU
		{9E771EE5-10B0-49FF-8BFC-2787DC053211}.Simulation|x86.ActiveCfg = Release|Any CPU
		{F5C4930C-9C0A-43F1-B65E-C4B418E09E36}.Debug|Any CPU.ActiveCfg = Debug|Any CPU
		{F5C4930C-9C0A-43F1-B65E-C4B418E09E36}.Debug|Any CPU.Build.0 = Debug|Any CPU
		{F5C4930C-9C0A-43F1-B65E-C4B418E09E36}.Debug|Mixed Platforms.ActiveCfg = Debug|Any CPU
		{F5C4930C-9C0A-43F1-B65E-C4B418E09E36}.Debug|Mixed Platforms.Build.0 = Debug|Any CPU
		{F5C4930C-9C0A-43F1-B65E-C4B418E09E36}.Debug|Win32.ActiveCfg = Debug|Any CPU
		{F5C4930C-9C0A-43F1-B65E-C4B418E09E36}.Debug|x64.ActiveCfg = Debug|Any CPU
		{F5C4930C-9C0A-43F1-B65E-C4B418E09E36}.Debug|x86.ActiveCfg = Debug|Any CPU
		{F5C4930C-9C0A-43F1-B65E-C4B418E09E36}.Distribution|Any CPU.ActiveCfg = Debug|Any CPU
		{F5C4930C-9C0A-43F1-B65E-C4B418E09E36}.Distribution|Any CPU.Build.0 = Debug|Any CPU
		{F5C4930C-9C0A-43F1-B65E-C4B418E09E36}.Distribution|Mixed Platforms.ActiveCfg = Debug|Any CPU
		{F5C4930C-9C0A-43F1-B65E-C4B418E09E36}.Distribution|Mixed Platforms.Build.0 = Debug|Any CPU
		{F5C4930C-9C0A-43F1-B65E-C4B418E09E36}.Distribution|Win32.ActiveCfg = Debug|Any CPU
		{F5C4930C-9C0A-43F1-B65E-C4B418E09E36}.Distribution|x64.ActiveCfg = Debug|Any CPU
		{F5C4930C-9C0A-43F1-B65E-C4B418E09E36}.Distribution|x86.ActiveCfg = Debug|Any CPU
		{F5C4930C-9C0A-43F1-B65E-C4B418E09E36}.Linux Distribution|Any CPU.ActiveCfg = Release|Any CPU
		{F5C4930C-9C0A-43F1-B65E-C4B418E09E36}.Linux Distribution|Any CPU.Build.0 = Release|Any CPU
		{F5C4930C-9C0A-43F1-B65E-C4B418E09E36}.Linux Distribution|Mixed Platforms.ActiveCfg = Release|Any CPU
		{F5C4930C-9C0A-43F1-B65E-C4B418E09E36}.Linux Distribution|Mixed Platforms.Build.0 = Release|Any CPU
		{F5C4930C-9C0A-43F1-B65E-C4B418E09E36}.Linux Distribution|Win32.ActiveCfg = Release|Any CPU
		{F5C4930C-9C0A-43F1-B65E-C4B418E09E36}.Linux Distribution|x64.ActiveCfg = Release|Any CPU
		{F5C4930C-9C0A-43F1-B65E-C4B418E09E36}.Linux Distribution|x86.ActiveCfg = Release|Any CPU
		{F5C4930C-9C0A-43F1-B65E-C4B418E09E36}.Linux|Any CPU.ActiveCfg = Release|Any CPU
		{F5C4930C-9C0A-43F1-B65E-C4B418E09E36}.Linux|Any CPU.Build.0 = Release|Any CPU
		{F5C4930C-9C0A-43F1-B65E-C4B418E09E36}.Linux|Mixed Platforms.ActiveCfg = Release|Any CPU
		{F5C4930C-9C0A-43F1-B65E-C4B418E09E36}.Linux|Mixed Platforms.Build.0 = Release|Any CPU
		{F5C4930C-9C0A-43F1-B65E-C4B418E09E36}.Linux|Win32.ActiveCfg = Release|Any CPU
		{F5C4930C-9C0A-43F1-B65E-C4B418E09E36}.Linux|x64.ActiveCfg = Release|Any CPU
		{F5C4930C-9C0A-43F1-B65E-C4B418E09E36}.Linux|x86.ActiveCfg = Release|Any CPU
		{F5C4930C-9C0A-43F1-B65E-C4B418E09E36}.Release|Any CPU.ActiveCfg = Release|Any CPU
		{F5C4930C-9C0A-43F1-B65E-C4B418E09E36}.Release|Any CPU.Build.0 = Release|Any CPU
		{F5C4930C-9C0A-43F1-B65E-C4B418E09E36}.Release|Mixed Platforms.ActiveCfg = Release|Any CPU
		{F5C4930C-9C0A-43F1-B65E-C4B418E09E36}.Release|Mixed Platforms.Build.0 = Release|Any CPU
		{F5C4930C-9C0A-43F1-B65E-C4B418E09E36}.Release|Win32.ActiveCfg = Release|Any CPU
		{F5C4930C-9C0A-43F1-B65E-C4B418E09E36}.Release|x64.ActiveCfg = Release|Any CPU
		{F5C4930C-9C0A-43F1-B65E-C4B418E09E36}.Release|x86.ActiveCfg = Release|Any CPU
		{F5C4930C-9C0A-43F1-B65E-C4B418E09E36}.Simulation|Any CPU.ActiveCfg = Release|Any CPU
		{F5C4930C-9C0A-43F1-B65E-C4B418E09E36}.Simulation|Any CPU.Build.0 = Release|Any CPU
		{F5C4930C-9C0A-43F1-B65E-C4B418E09E36}.Simulation|Mixed Platforms.ActiveCfg = Release|Any CPU
		{F5C4930C-9C0A-43F1-B65E-C4B418E09E36}.Simulation|Mixed Platforms.Build.0 = Release|Any CPU
		{F5C4930C-9C0A-43F1-B65E-C4B418E09E36}.Simulation|Win32.ActiveCfg = Release|Any CPU
		{F5C4930C-9C0A-43F1-B65E-C4B418E09E36}.Simulation|x64.ActiveCfg = Release|Any CPU
		{F5C4930C-9C0A-43F1-B65E-C4B418E09E36}.Simulation|x86.ActiveCfg = Release|Any CPU
		{A1D9CC0C-6E57-42B1-80A1-AE593BDC9E69}.Debug|Any CPU.ActiveCfg = Debug|x86
		{A1D9CC0C-6E57-42B1-80A1-AE593BDC9E69}.Debug|Mixed Platforms.ActiveCfg = Debug|x86
		{A1D9CC0C-6E57-42B1-80A1-AE593BDC9E69}.Debug|Mixed Platforms.Build.0 = Debug|x86
		{A1D9CC0C-6E57-42B1-80A1-AE593BDC9E69}.Debug|Win32.ActiveCfg = Debug|x86
		{A1D9CC0C-6E57-42B1-80A1-AE593BDC9E69}.Debug|x64.ActiveCfg = Debug|x86
		{A1D9CC0C-6E57-42B1-80A1-AE593BDC9E69}.Debug|x86.ActiveCfg = Debug|x86
		{A1D9CC0C-6E57-42B1-80A1-AE593BDC9E69}.Debug|x86.Build.0 = Debug|x86
		{A1D9CC0C-6E57-42B1-80A1-AE593BDC9E69}.Distribution|Any CPU.ActiveCfg = Debug|x86
		{A1D9CC0C-6E57-42B1-80A1-AE593BDC9E69}.Distribution|Mixed Platforms.ActiveCfg = Debug|x86
		{A1D9CC0C-6E57-42B1-80A1-AE593BDC9E69}.Distribution|Mixed Platforms.Build.0 = Debug|x86
		{A1D9CC0C-6E57-42B1-80A1-AE593BDC9E69}.Distribution|Win32.ActiveCfg = Debug|x86
		{A1D9CC0C-6E57-42B1-80A1-AE593BDC9E69}.Distribution|x64.ActiveCfg = Debug|x86
		{A1D9CC0C-6E57-42B1-80A1-AE593BDC9E69}.Distribution|x86.ActiveCfg = Debug|x86
		{A1D9CC0C-6E57-42B1-80A1-AE593BDC9E69}.Distribution|x86.Build.0 = Debug|x86
		{A1D9CC0C-6E57-42B1-80A1-AE593BDC9E69}.Linux Distribution|Any CPU.ActiveCfg = Release|x86
		{A1D9CC0C-6E57-42B1-80A1-AE593BDC9E69}.Linux Distribution|Mixed Platforms.ActiveCfg = Release|x86
		{A1D9CC0C-6E57-42B1-80A1-AE593BDC9E69}.Linux Distribution|Mixed Platforms.Build.0 = Release|x86
		{A1D9CC0C-6E57-42B1-80A1-AE593BDC9E69}.Linux Distribution|Win32.ActiveCfg = Release|x86
		{A1D9CC0C-6E57-42B1-80A1-AE593BDC9E69}.Linux Distribution|x64.ActiveCfg = Release|x86
		{A1D9CC0C-6E57-42B1-80A1-AE593BDC9E69}.Linux Distribution|x86.ActiveCfg = Release|x86
		{A1D9CC0C-6E57-42B1-80A1-AE593BDC9E69}.Linux Distribution|x86.Build.0 = Release|x86
		{A1D9CC0C-6E57-42B1-80A1-AE593BDC9E69}.Linux|Any CPU.ActiveCfg = Release|x86
		{A1D9CC0C-6E57-42B1-80A1-AE593BDC9E69}.Linux|Mixed Platforms.ActiveCfg = Release|x86
		{A1D9CC0C-6E57-42B1-80A1-AE593BDC9E69}.Linux|Mixed Platforms.Build.0 = Release|x86
		{A1D9CC0C-6E57-42B1-80A1-AE593BDC9E69}.Linux|Win32.ActiveCfg = Release|x86
		{A1D9CC0C-6E57-42B1-80A1-AE593BDC9E69}.Linux|x64.ActiveCfg = Release|x86
		{A1D9CC0C-6E57-42B1-80A1-AE593BDC9E69}.Linux|x86.ActiveCfg = Release|x86
		{A1D9CC0C-6E57-42B1-80A1-AE593BDC9E69}.Linux|x86.Build.0 = Release|x86
		{A1D9CC0C-6E57-42B1-80A1-AE593BDC9E69}.Release|Any CPU.ActiveCfg = Release|x86
		{A1D9CC0C-6E57-42B1-80A1-AE593BDC9E69}.Release|Mixed Platforms.ActiveCfg = Release|x86
		{A1D9CC0C-6E57-42B1-80A1-AE593BDC9E69}.Release|Mixed Platforms.Build.0 = Release|x86
		{A1D9CC0C-6E57-42B1-80A1-AE593BDC9E69}.Release|Win32.ActiveCfg = Release|x86
		{A1D9CC0C-6E57-42B1-80A1-AE593BDC9E69}.Release|x64.ActiveCfg = Release|x86
		{A1D9CC0C-6E57-42B1-80A1-AE593BDC9E69}.Release|x86.ActiveCfg = Release|x86
		{A1D9CC0C-6E57-42B1-80A1-AE593BDC9E69}.Release|x86.Build.0 = Release|x86
		{A1D9CC0C-6E57-42B1-80A1-AE593BDC9E69}.Simulation|Any CPU.ActiveCfg = Release|x86
		{A1D9CC0C-6E57-42B1-80A1-AE593BDC9E69}.Simulation|Mixed Platforms.ActiveCfg = Release|x86
		{A1D9CC0C-6E57-42B1-80A1-AE593BDC9E69}.Simulation|Mixed Platforms.Build.0 = Release|x86
		{A1D9CC0C-6E57-42B1-80A1-AE593BDC9E69}.Simulation|Win32.ActiveCfg = Release|x86
		{A1D9CC0C-6E57-42B1-80A1-AE593BDC9E69}.Simulation|x64.ActiveCfg = Release|x86
		{A1D9CC0C-6E57-42B1-80A1-AE593BDC9E69}.Simulation|x86.ActiveCfg = Release|x86
		{A1D9CC0C-6E57-42B1-80A1-AE593BDC9E69}.Simulation|x86.Build.0 = Release|x86
		{CAF8D552-B7E0-4E99-A9F5-267FA1859D59}.Debug|Any CPU.ActiveCfg = Debug|Any CPU
		{CAF8D552-B7E0-4E99-A9F5-267FA1859D59}.Debug|Any CPU.Build.0 = Debug|Any CPU
		{CAF8D552-B7E0-4E99-A9F5-267FA1859D59}.Debug|Mixed Platforms.ActiveCfg = Debug|Any CPU
		{CAF8D552-B7E0-4E99-A9F5-267FA1859D59}.Debug|Mixed Platforms.Build.0 = Debug|Any CPU
		{CAF8D552-B7E0-4E99-A9F5-267FA1859D59}.Debug|Win32.ActiveCfg = Debug|Any CPU
		{CAF8D552-B7E0-4E99-A9F5-267FA1859D59}.Debug|x64.ActiveCfg = Debug|Any CPU
		{CAF8D552-B7E0-4E99-A9F5-267FA1859D59}.Debug|x86.ActiveCfg = Debug|Any CPU
		{CAF8D552-B7E0-4E99-A9F5-267FA1859D59}.Distribution|Any CPU.ActiveCfg = Debug|Any CPU
		{CAF8D552-B7E0-4E99-A9F5-267FA1859D59}.Distribution|Any CPU.Build.0 = Debug|Any CPU
		{CAF8D552-B7E0-4E99-A9F5-267FA1859D59}.Distribution|Mixed Platforms.ActiveCfg = Debug|Any CPU
		{CAF8D552-B7E0-4E99-A9F5-267FA1859D59}.Distribution|Mixed Platforms.Build.0 = Debug|Any CPU
		{CAF8D552-B7E0-4E99-A9F5-267FA1859D59}.Distribution|Win32.ActiveCfg = Debug|Any CPU
		{CAF8D552-B7E0-4E99-A9F5-267FA1859D59}.Distribution|x64.ActiveCfg = Debug|Any CPU
		{CAF8D552-B7E0-4E99-A9F5-267FA1859D59}.Distribution|x86.ActiveCfg = Debug|Any CPU
		{CAF8D552-B7E0-4E99-A9F5-267FA1859D59}.Linux Distribution|Any CPU.ActiveCfg = Release|Any CPU
		{CAF8D552-B7E0-4E99-A9F5-267FA1859D59}.Linux Distribution|Any CPU.Build.0 = Release|Any CPU
		{CAF8D552-B7E0-4E99-A9F5-267FA1859D59}.Linux Distribution|Mixed Platforms.ActiveCfg = Release|Any CPU
		{CAF8D552-B7E0-4E99-A9F5-267FA1859D59}.Linux Distribution|Mixed Platforms.Build.0 = Release|Any CPU
		{CAF8D552-B7E0-4E99-A9F5-267FA1859D59}.Linux Distribution|Win32.ActiveCfg = Release|Any CPU
		{CAF8D552-B7E0-4E99-A9F5-267FA1859D59}.Linux Distribution|x64.ActiveCfg = Release|Any CPU
		{CAF8D552-B7E0-4E99-A9F5-267FA1859D59}.Linux Distribution|x86.ActiveCfg = Release|Any CPU
		{CAF8D552-B7E0-4E99-A9F5-267FA1859D59}.Linux|Any CPU.ActiveCfg = Release|Any CPU
		{CAF8D552-B7E0-4E99-A9F5-267FA1859D59}.Linux|Any CPU.Build.0 = Release|Any CPU
		{CAF8D552-B7E0-4E99-A9F5-267FA1859D59}.Linux|Mixed Platforms.ActiveCfg = Release|Any CPU
		{CAF8D552-B7E0-4E99-A9F5-267FA1859D59}.Linux|Mixed Platforms.Build.0 = Release|Any CPU
		{CAF8D552-B7E0-4E99-A9F5-267FA1859D59}.Linux|Win32.ActiveCfg = Release|Any CPU
		{CAF8D552-B7E0-4E99-A9F5-267FA1859D59}.Linux|x64.ActiveCfg = Release|Any CPU
		{CAF8D552-B7E0-4E99-A9F5-267FA1859D59}.Linux|x86.ActiveCfg = Release|Any CPU
		{CAF8D552-B7E0-4E99-A9F5-267FA1859D59}.Release|Any CPU.ActiveCfg = Release|Any CPU
		{CAF8D552-B7E0-4E99-A9F5-267FA1859D59}.Release|Any CPU.Build.0 = Release|Any CPU
		{CAF8D552-B7E0-4E99-A9F5-267FA1859D59}.Release|Mixed Platforms.ActiveCfg = Release|Any CPU
		{CAF8D552-B7E0-4E99-A9F5-267FA1859D59}.Release|Mixed Platforms.Build.0 = Release|Any CPU
		{CAF8D552-B7E0-4E99-A9F5-267FA1859D59}.Release|Win32.ActiveCfg = Release|Any CPU
		{CAF8D552-B7E0-4E99-A9F5-267FA1859D59}.Release|x64.ActiveCfg = Release|Any CPU
		{CAF8D552-B7E0-4E99-A9F5-267FA1859D59}.Release|x86.ActiveCfg = Release|Any CPU
		{CAF8D552-B7E0-4E99-A9F5-267FA1859D59}.Simulation|Any CPU.ActiveCfg = Release|Any CPU
		{CAF8D552-B7E0-4E99-A9F5-267FA1859D59}.Simulation|Any CPU.Build.0 = Release|Any CPU
		{CAF8D552-B7E0-4E99-A9F5-267FA1859D59}.Simulation|Mixed Platforms.ActiveCfg = Release|Any CPU
		{CAF8D552-B7E0-4E99-A9F5-267FA1859D59}.Simulation|Mixed Platforms.Build.0 = Release|Any CPU
		{CAF8D552-B7E0-4E99-A9F5-267FA1859D59}.Simulation|Win32.ActiveCfg = Release|Any CPU
		{CAF8D552-B7E0-4E99-A9F5-267FA1859D59}.Simulation|x64.ActiveCfg = Release|Any CPU
		{CAF8D552-B7E0-4E99-A9F5-267FA1859D59}.Simulation|x86.ActiveCfg = Release|Any CPU
		{BBC58AFC-E7AE-41D8-9311-BB44127CDE07}.Debug|Any CPU.ActiveCfg = Debug|Any CPU
		{BBC58AFC-E7AE-41D8-9311-BB44127CDE07}.Debug|Any CPU.Build.0 = Debug|Any CPU
		{BBC58AFC-E7AE-41D8-9311-BB44127CDE07}.Debug|Mixed Platforms.ActiveCfg = Debug|Any CPU
		{BBC58AFC-E7AE-41D8-9311-BB44127CDE07}.Debug|Mixed Platforms.Build.0 = Debug|Any CPU
		{BBC58AFC-E7AE-41D8-9311-BB44127CDE07}.Debug|Win32.ActiveCfg = Debug|Any CPU
		{BBC58AFC-E7AE-41D8-9311-BB44127CDE07}.Debug|x64.ActiveCfg = Debug|Any CPU
		{BBC58AFC-E7AE-41D8-9311-BB44127CDE07}.Debug|x86.ActiveCfg = Debug|Any CPU
		{BBC58AFC-E7AE-41D8-9311-BB44127CDE07}.Distribution|Any CPU.ActiveCfg = Debug|Any CPU
		{BBC58AFC-E7AE-41D8-9311-BB44127CDE07}.Distribution|Any CPU.Build.0 = Debug|Any CPU
		{BBC58AFC-E7AE-41D8-9311-BB44127CDE07}.Distribution|Mixed Platforms.ActiveCfg = Debug|Any CPU
		{BBC58AFC-E7AE-41D8-9311-BB44127CDE07}.Distribution|Mixed Platforms.Build.0 = Debug|Any CPU
		{BBC58AFC-E7AE-41D8-9311-BB44127CDE07}.Distribution|Win32.ActiveCfg = Debug|Any CPU
		{BBC58AFC-E7AE-41D8-9311-BB44127CDE07}.Distribution|x64.ActiveCfg = Debug|Any CPU
		{BBC58AFC-E7AE-41D8-9311-BB44127CDE07}.Distribution|x86.ActiveCfg = Debug|Any CPU
		{BBC58AFC-E7AE-41D8-9311-BB44127CDE07}.Linux Distribution|Any CPU.ActiveCfg = Release|Any CPU
		{BBC58AFC-E7AE-41D8-9311-BB44127CDE07}.Linux Distribution|Any CPU.Build.0 = Release|Any CPU
		{BBC58AFC-E7AE-41D8-9311-BB44127CDE07}.Linux Distribution|Mixed Platforms.ActiveCfg = Release|Any CPU
		{BBC58AFC-E7AE-41D8-9311-BB44127CDE07}.Linux Distribution|Mixed Platforms.Build.0 = Release|Any CPU
		{BBC58AFC-E7AE-41D8-9311-BB44127CDE07}.Linux Distribution|Win32.ActiveCfg = Release|Any CPU
		{BBC58AFC-E7AE-41D8-9311-BB44127CDE07}.Linux Distribution|x64.ActiveCfg = Release|Any CPU
		{BBC58AFC-E7AE-41D8-9311-BB44127CDE07}.Linux Distribution|x86.ActiveCfg = Release|Any CPU
		{BBC58AFC-E7AE-41D8-9311-BB44127CDE07}.Linux|Any CPU.ActiveCfg = Release|Any CPU
		{BBC58AFC-E7AE-41D8-9311-BB44127CDE07}.Linux|Any CPU.Build.0 = Release|Any CPU
		{BBC58AFC-E7AE-41D8-9311-BB44127CDE07}.Linux|Mixed Platforms.ActiveCfg = Release|Any CPU
		{BBC58AFC-E7AE-41D8-9311-BB44127CDE07}.Linux|Mixed Platforms.Build.0 = Release|Any CPU
		{BBC58AFC-E7AE-41D8-9311-BB44127CDE07}.Linux|Win32.ActiveCfg = Release|Any CPU
		{BBC58AFC-E7AE-41D8-9311-BB44127CDE07}.Linux|x64.ActiveCfg = Release|Any CPU
		{BBC58AFC-E7AE-41D8-9311-BB44127CDE07}.Linux|x86.ActiveCfg = Release|Any CPU
		{BBC58AFC-E7AE-41D8-9311-BB44127CDE07}.Release|Any CPU.ActiveCfg = Release|Any CPU
		{BBC58AFC-E7AE-41D8-9311-BB44127CDE07}.Release|Any CPU.Build.0 = Release|Any CPU
		{BBC58AFC-E7AE-41D8-9311-BB44127CDE07}.Release|Mixed Platforms.ActiveCfg = Release|Any CPU
		{BBC58AFC-E7AE-41D8-9311-BB44127CDE07}.Release|Mixed Platforms.Build.0 = Release|Any CPU
		{BBC58AFC-E7AE-41D8-9311-BB44127CDE07}.Release|Win32.ActiveCfg = Release|Any CPU
		{BBC58AFC-E7AE-41D8-9311-BB44127CDE07}.Release|x64.ActiveCfg = Release|Any CPU
		{BBC58AFC-E7AE-41D8-9311-BB44127CDE07}.Release|x86.ActiveCfg = Release|Any CPU
		{BBC58AFC-E7AE-41D8-9311-BB44127CDE07}.Simulation|Any CPU.ActiveCfg = Release|Any CPU
		{BBC58AFC-E7AE-41D8-9311-BB44127CDE07}.Simulation|Any CPU.Build.0 = Release|Any CPU
		{BBC58AFC-E7AE-41D8-9311-BB44127CDE07}.Simulation|Mixed Platforms.ActiveCfg = Release|Any CPU
		{BBC58AFC-E7AE-41D8-9311-BB44127CDE07}.Simulation|Mixed Platforms.Build.0 = Release|Any CPU
		{BBC58AFC-E7AE-41D8-9311-BB44127CDE07}.Simulation|Win32.ActiveCfg = Release|Any CPU
		{BBC58AFC-E7AE-41D8-9311-BB44127CDE07}.Simulation|x64.ActiveCfg = Release|Any CPU
		{BBC58AFC-E7AE-41D8-9311-BB44127CDE07}.Simulation|x86.ActiveCfg = Release|Any CPU
	EndGlobalSection
	GlobalSection(SolutionProperties) = preSolution
		HideSolutionNode = FALSE
	EndGlobalSection
EndGlobal
